// !$*UTF8*$!
{
	archiveVersion = 1;
	classes = {
	};
	objectVersion = 56;
	objects = {

/* Begin PBXBuildFile section */
		5366985C2965A33A0080542A /* Application.cpp in Sources */ = {isa = PBXBuildFile; fileRef = 5366985A2965A33A0080542A /* Application.cpp */; };
		5366985D2965A33A0080542A /* Application.hpp in Headers */ = {isa = PBXBuildFile; fileRef = 5366985B2965A33A0080542A /* Application.hpp */; };
		536698672965A3D40080542A /* ApplicationEvent.hpp in Headers */ = {isa = PBXBuildFile; fileRef = 536698662965A3D40080542A /* ApplicationEvent.hpp */; };
		5366986B2965A3E70080542A /* MouseEvent.hpp in Headers */ = {isa = PBXBuildFile; fileRef = 536698682965A3E60080542A /* MouseEvent.hpp */; };
		5366986C2965A3E70080542A /* Event.hpp in Headers */ = {isa = PBXBuildFile; fileRef = 536698692965A3E70080542A /* Event.hpp */; };
		5366986D2965A3E70080542A /* KeyEvent.hpp in Headers */ = {isa = PBXBuildFile; fileRef = 5366986A2965A3E70080542A /* KeyEvent.hpp */; };
		536698712965A3F60080542A /* LayerStack.cpp in Sources */ = {isa = PBXBuildFile; fileRef = 5366986E2965A3F60080542A /* LayerStack.cpp */; };
		536698722965A3F60080542A /* Layer.hpp in Headers */ = {isa = PBXBuildFile; fileRef = 5366986F2965A3F60080542A /* Layer.hpp */; };
		536698732965A3F60080542A /* LayerStack.hpp in Headers */ = {isa = PBXBuildFile; fileRef = 536698702965A3F60080542A /* LayerStack.hpp */; };
		536698782965A4020080542A /* Window.cpp in Sources */ = {isa = PBXBuildFile; fileRef = 536698742965A4020080542A /* Window.cpp */; };
		536698792965A4020080542A /* MacOsWindow.cpp in Sources */ = {isa = PBXBuildFile; fileRef = 536698752965A4020080542A /* MacOsWindow.cpp */; };
		5366987A2965A4020080542A /* MacOsWindow.hpp in Headers */ = {isa = PBXBuildFile; fileRef = 536698762965A4020080542A /* MacOsWindow.hpp */; };
		5366987B2965A4020080542A /* Window.hpp in Headers */ = {isa = PBXBuildFile; fileRef = 536698772965A4020080542A /* Window.hpp */; };
		5366987E2965A40D0080542A /* Log.cpp in Sources */ = {isa = PBXBuildFile; fileRef = 5366987C2965A40D0080542A /* Log.cpp */; };
		5366987F2965A40D0080542A /* Log.hpp in Headers */ = {isa = PBXBuildFile; fileRef = 5366987D2965A40D0080542A /* Log.hpp */; };
		536698812965A43C0080542A /* EntryPoint.hpp in Headers */ = {isa = PBXBuildFile; fileRef = 536698802965A43C0080542A /* EntryPoint.hpp */; };
		536698842965A46C0080542A /* OpenGL.framework in Frameworks */ = {isa = PBXBuildFile; fileRef = 536698832965A46C0080542A /* OpenGL.framework */; };
		536698862965A4760080542A /* Foundation.framework in Frameworks */ = {isa = PBXBuildFile; fileRef = 536698852965A4760080542A /* Foundation.framework */; };
		536698882965A48B0080542A /* Metal.framework in Frameworks */ = {isa = PBXBuildFile; fileRef = 536698872965A48B0080542A /* Metal.framework */; };
		536698942965A7290080542A /* pchBarrel.hpp in Headers */ = {isa = PBXBuildFile; fileRef = 536698932965A7290080542A /* pchBarrel.hpp */; };
		536698982965A83A0080542A /* libglfw.3.3.dylib in Frameworks */ = {isa = PBXBuildFile; fileRef = 536698972965A83A0080542A /* libglfw.3.3.dylib */; };
		5366989A2965A8C00080542A /* Barrel.hpp in Headers */ = {isa = PBXBuildFile; fileRef = 536698992965A8C00080542A /* Barrel.hpp */; };
		536699552965AEDC0080542A /* libspdlog.a in Frameworks */ = {isa = PBXBuildFile; fileRef = 536699542965AEDC0080542A /* libspdlog.a */; };
		536699662965B6450080542A /* libBarrel.dylib in Frameworks */ = {isa = PBXBuildFile; fileRef = 536698492965A1B80080542A /* libBarrel.dylib */; };
		536699672965B64F0080542A /* Foundation.framework in Frameworks */ = {isa = PBXBuildFile; fileRef = 536698852965A4760080542A /* Foundation.framework */; };
		536699682965B6590080542A /* Metal.framework in Frameworks */ = {isa = PBXBuildFile; fileRef = 536698872965A48B0080542A /* Metal.framework */; };
		53669AC82965B8130080542A /* libspdlog.a in Frameworks */ = {isa = PBXBuildFile; fileRef = 536699542965AEDC0080542A /* libspdlog.a */; };
		53669AC92965B8650080542A /* libglfw.3.3.dylib in Frameworks */ = {isa = PBXBuildFile; fileRef = 536698972965A83A0080542A /* libglfw.3.3.dylib */; };
		53669C7D2965BA2C0080542A /* SandboxApp.cpp in Sources */ = {isa = PBXBuildFile; fileRef = 536699642965B0950080542A /* SandboxApp.cpp */; };
		53ED8B672966DBD4000C567C /* ImGuiLayer.hpp in Headers */ = {isa = PBXBuildFile; fileRef = 53ED8B652966DBD3000C567C /* ImGuiLayer.hpp */; };
		53ED8B682966DBD4000C567C /* imGuiLayer.cpp in Sources */ = {isa = PBXBuildFile; fileRef = 53ED8B662966DBD4000C567C /* imGuiLayer.cpp */; };
		53ED8B7A2966E30E000C567C /* khrplatform.h in Headers */ = {isa = PBXBuildFile; fileRef = 5366988D2965A5FF0080542A /* khrplatform.h */; };
		53ED8B7B2966E314000C567C /* glad.h in Headers */ = {isa = PBXBuildFile; fileRef = 5366988F2965A5FF0080542A /* glad.h */; };
		53ED8B7C2966E329000C567C /* glad.c in Sources */ = {isa = PBXBuildFile; fileRef = 536699572965B04C0080542A /* glad.c */; };
		53ED8B7D2966E397000C567C /* libglad.a in Frameworks */ = {isa = PBXBuildFile; fileRef = 53ED8B762966E2FD000C567C /* libglad.a */; };
		53ED8B862966E412000C567C /* imgui.h in Headers */ = {isa = PBXBuildFile; fileRef = 538B10302965D59B000C591F /* imgui.h */; };
		53ED8B872966E412000C567C /* imstb_textedit.h in Headers */ = {isa = PBXBuildFile; fileRef = 538B10312965D59B000C591F /* imstb_textedit.h */; };
		53ED8B882966E412000C567C /* imconfig.h in Headers */ = {isa = PBXBuildFile; fileRef = 538B10322965D59B000C591F /* imconfig.h */; };
		53ED8B892966E412000C567C /* imstb_truetype.h in Headers */ = {isa = PBXBuildFile; fileRef = 538B10342965D59B000C591F /* imstb_truetype.h */; };
		53ED8B8A2966E412000C567C /* imgui_internal.h in Headers */ = {isa = PBXBuildFile; fileRef = 538B11012965D59B000C591F /* imgui_internal.h */; };
		53ED8B8B2966E412000C567C /* imstb_rectpack.h in Headers */ = {isa = PBXBuildFile; fileRef = 538B110B2965D59B000C591F /* imstb_rectpack.h */; };
		53ED8B8C2966E420000C567C /* imgui_widgets.cpp in Sources */ = {isa = PBXBuildFile; fileRef = 538B10332965D59B000C591F /* imgui_widgets.cpp */; };
		53ED8B8D2966E420000C567C /* imgui.cpp in Sources */ = {isa = PBXBuildFile; fileRef = 538B10682965D59B000C591F /* imgui.cpp */; };
		53ED8B8E2966E420000C567C /* imgui_tables.cpp in Sources */ = {isa = PBXBuildFile; fileRef = 538B110D2965D59B000C591F /* imgui_tables.cpp */; };
		53ED8B8F2966E420000C567C /* imgui_demo.cpp in Sources */ = {isa = PBXBuildFile; fileRef = 538B110E2965D59B000C591F /* imgui_demo.cpp */; };
		53ED8B902966E420000C567C /* imgui_draw.cpp in Sources */ = {isa = PBXBuildFile; fileRef = 538B110F2965D59B000C591F /* imgui_draw.cpp */; };
		53ED8B912966E439000C567C /* imgui_impl_opengl3.h in Headers */ = {isa = PBXBuildFile; fileRef = 538B103D2965D59B000C591F /* imgui_impl_opengl3.h */; };
		53ED8B922966E439000C567C /* imgui_impl_opengl3_loader.h in Headers */ = {isa = PBXBuildFile; fileRef = 538B10442965D59B000C591F /* imgui_impl_opengl3_loader.h */; };
		53ED8B932966E439000C567C /* imgui_impl_glfw.h in Headers */ = {isa = PBXBuildFile; fileRef = 538B104F2965D59B000C591F /* imgui_impl_glfw.h */; };
		53ED8B942966E447000C567C /* imgui_impl_opengl3.cpp in Sources */ = {isa = PBXBuildFile; fileRef = 538B10512965D59B000C591F /* imgui_impl_opengl3.cpp */; };
		53ED8B952966E447000C567C /* imgui_impl_glfw.cpp in Sources */ = {isa = PBXBuildFile; fileRef = 538B105B2965D59B000C591F /* imgui_impl_glfw.cpp */; };
		53ED8B962966E45E000C567C /* libglad.a in Frameworks */ = {isa = PBXBuildFile; fileRef = 53ED8B762966E2FD000C567C /* libglad.a */; };
		53ED8B972966E4AE000C567C /* libglfw.3.3.dylib in Frameworks */ = {isa = PBXBuildFile; fileRef = 536698972965A83A0080542A /* libglfw.3.3.dylib */; };
		53ED8B982966E51D000C567C /* libglad.a in Frameworks */ = {isa = PBXBuildFile; fileRef = 53ED8B762966E2FD000C567C /* libglad.a */; };
		53ED8B992966E54D000C567C /* libimgui.a in Frameworks */ = {isa = PBXBuildFile; fileRef = 53ED8B822966E3C2000C567C /* libimgui.a */; };
/* End PBXBuildFile section */

/* Begin PBXCopyFilesBuildPhase section */
		5366995B2965B0710080542A /* CopyFiles */ = {
			isa = PBXCopyFilesBuildPhase;
			buildActionMask = 2147483647;
			dstPath = /usr/share/man/man1/;
			dstSubfolderSpec = 0;
			files = (
			);
			runOnlyForDeploymentPostprocessing = 1;
		};
/* End PBXCopyFilesBuildPhase section */

/* Begin PBXFileReference section */
		536698492965A1B80080542A /* libBarrel.dylib */ = {isa = PBXFileReference; explicitFileType = "compiled.mach-o.dylib"; includeInIndex = 0; path = libBarrel.dylib; sourceTree = BUILT_PRODUCTS_DIR; };
		5366985A2965A33A0080542A /* Application.cpp */ = {isa = PBXFileReference; lastKnownFileType = sourcecode.cpp.cpp; path = Application.cpp; sourceTree = "<group>"; };
		5366985B2965A33A0080542A /* Application.hpp */ = {isa = PBXFileReference; lastKnownFileType = sourcecode.cpp.h; path = Application.hpp; sourceTree = "<group>"; };
		536698662965A3D40080542A /* ApplicationEvent.hpp */ = {isa = PBXFileReference; fileEncoding = 4; lastKnownFileType = sourcecode.cpp.h; path = ApplicationEvent.hpp; sourceTree = "<group>"; };
		536698682965A3E60080542A /* MouseEvent.hpp */ = {isa = PBXFileReference; fileEncoding = 4; lastKnownFileType = sourcecode.cpp.h; path = MouseEvent.hpp; sourceTree = "<group>"; };
		536698692965A3E70080542A /* Event.hpp */ = {isa = PBXFileReference; fileEncoding = 4; lastKnownFileType = sourcecode.cpp.h; path = Event.hpp; sourceTree = "<group>"; };
		5366986A2965A3E70080542A /* KeyEvent.hpp */ = {isa = PBXFileReference; fileEncoding = 4; lastKnownFileType = sourcecode.cpp.h; path = KeyEvent.hpp; sourceTree = "<group>"; };
		5366986E2965A3F60080542A /* LayerStack.cpp */ = {isa = PBXFileReference; fileEncoding = 4; lastKnownFileType = sourcecode.cpp.cpp; path = LayerStack.cpp; sourceTree = "<group>"; };
		5366986F2965A3F60080542A /* Layer.hpp */ = {isa = PBXFileReference; fileEncoding = 4; lastKnownFileType = sourcecode.cpp.h; path = Layer.hpp; sourceTree = "<group>"; };
		536698702965A3F60080542A /* LayerStack.hpp */ = {isa = PBXFileReference; fileEncoding = 4; lastKnownFileType = sourcecode.cpp.h; path = LayerStack.hpp; sourceTree = "<group>"; };
		536698742965A4020080542A /* Window.cpp */ = {isa = PBXFileReference; fileEncoding = 4; lastKnownFileType = sourcecode.cpp.cpp; path = Window.cpp; sourceTree = "<group>"; };
		536698752965A4020080542A /* MacOsWindow.cpp */ = {isa = PBXFileReference; fileEncoding = 4; lastKnownFileType = sourcecode.cpp.cpp; path = MacOsWindow.cpp; sourceTree = "<group>"; };
		536698762965A4020080542A /* MacOsWindow.hpp */ = {isa = PBXFileReference; fileEncoding = 4; lastKnownFileType = sourcecode.cpp.h; path = MacOsWindow.hpp; sourceTree = "<group>"; };
		536698772965A4020080542A /* Window.hpp */ = {isa = PBXFileReference; fileEncoding = 4; lastKnownFileType = sourcecode.cpp.h; path = Window.hpp; sourceTree = "<group>"; };
		5366987C2965A40D0080542A /* Log.cpp */ = {isa = PBXFileReference; fileEncoding = 4; lastKnownFileType = sourcecode.cpp.cpp; path = Log.cpp; sourceTree = "<group>"; };
		5366987D2965A40D0080542A /* Log.hpp */ = {isa = PBXFileReference; fileEncoding = 4; lastKnownFileType = sourcecode.cpp.h; path = Log.hpp; sourceTree = "<group>"; };
		536698802965A43C0080542A /* EntryPoint.hpp */ = {isa = PBXFileReference; fileEncoding = 4; lastKnownFileType = sourcecode.cpp.h; path = EntryPoint.hpp; sourceTree = "<group>"; };
		536698832965A46C0080542A /* OpenGL.framework */ = {isa = PBXFileReference; lastKnownFileType = wrapper.framework; name = OpenGL.framework; path = System/Library/Frameworks/OpenGL.framework; sourceTree = SDKROOT; };
		536698852965A4760080542A /* Foundation.framework */ = {isa = PBXFileReference; lastKnownFileType = wrapper.framework; name = Foundation.framework; path = System/Library/Frameworks/Foundation.framework; sourceTree = SDKROOT; };
		536698872965A48B0080542A /* Metal.framework */ = {isa = PBXFileReference; lastKnownFileType = wrapper.framework; name = Metal.framework; path = System/Library/Frameworks/Metal.framework; sourceTree = SDKROOT; };
		5366988D2965A5FF0080542A /* khrplatform.h */ = {isa = PBXFileReference; fileEncoding = 4; lastKnownFileType = sourcecode.c.h; path = khrplatform.h; sourceTree = "<group>"; };
		5366988F2965A5FF0080542A /* glad.h */ = {isa = PBXFileReference; fileEncoding = 4; lastKnownFileType = sourcecode.c.h; path = glad.h; sourceTree = "<group>"; };
		536698932965A7290080542A /* pchBarrel.hpp */ = {isa = PBXFileReference; fileEncoding = 4; lastKnownFileType = sourcecode.cpp.h; path = pchBarrel.hpp; sourceTree = "<group>"; };
		536698952965A8210080542A /* libspdlog.1.11.0.dylib */ = {isa = PBXFileReference; lastKnownFileType = "compiled.mach-o.dylib"; name = libspdlog.1.11.0.dylib; path = ../../../../../../opt/homebrew/Cellar/spdlog/1.11.0/lib/libspdlog.1.11.0.dylib; sourceTree = "<group>"; };
		536698972965A83A0080542A /* libglfw.3.3.dylib */ = {isa = PBXFileReference; lastKnownFileType = "compiled.mach-o.dylib"; name = libglfw.3.3.dylib; path = ../../../../../../opt/homebrew/Cellar/glfw/3.3.8/lib/libglfw.3.3.dylib; sourceTree = "<group>"; };
		536698992965A8C00080542A /* Barrel.hpp */ = {isa = PBXFileReference; fileEncoding = 4; lastKnownFileType = sourcecode.cpp.h; path = Barrel.hpp; sourceTree = "<group>"; };
		5366989B2965AAF00080542A /* libspdlog.a */ = {isa = PBXFileReference; lastKnownFileType = archive.ar; name = libspdlog.a; path = ../../../../../../opt/homebrew/Cellar/spdlog/1.11.0/lib/libspdlog.a; sourceTree = "<group>"; };
		5366989F2965ADB90080542A /* utils.h */ = {isa = PBXFileReference; lastKnownFileType = sourcecode.c.h; path = utils.h; sourceTree = "<group>"; };
		536698A02965ADB90080542A /* async_bench.cpp */ = {isa = PBXFileReference; lastKnownFileType = sourcecode.cpp.cpp; path = async_bench.cpp; sourceTree = "<group>"; };
		536698A12965ADB90080542A /* CMakeLists.txt */ = {isa = PBXFileReference; lastKnownFileType = text; path = CMakeLists.txt; sourceTree = "<group>"; };
		536698A22965ADB90080542A /* formatter-bench.cpp */ = {isa = PBXFileReference; lastKnownFileType = sourcecode.cpp.cpp; path = "formatter-bench.cpp"; sourceTree = "<group>"; };
		536698A32965ADB90080542A /* bench.cpp */ = {isa = PBXFileReference; lastKnownFileType = sourcecode.cpp.cpp; path = bench.cpp; sourceTree = "<group>"; };
		536698A42965ADB90080542A /* latency.cpp */ = {isa = PBXFileReference; lastKnownFileType = sourcecode.cpp.cpp; path = latency.cpp; sourceTree = "<group>"; };
		536698A52965ADB90080542A /* INSTALL */ = {isa = PBXFileReference; lastKnownFileType = text; path = INSTALL; sourceTree = "<group>"; };
		536698A62965ADB90080542A /* CMakeLists.txt */ = {isa = PBXFileReference; lastKnownFileType = text; path = CMakeLists.txt; sourceTree = "<group>"; };
		536698A72965ADB90080542A /* LICENSE */ = {isa = PBXFileReference; lastKnownFileType = text; path = LICENSE; sourceTree = "<group>"; };
		536698A92965ADB90080542A /* pch.h.in */ = {isa = PBXFileReference; lastKnownFileType = text; path = pch.h.in; sourceTree = "<group>"; };
		536698AA2965ADB90080542A /* spdlog.pc.in */ = {isa = PBXFileReference; lastKnownFileType = text; path = spdlog.pc.in; sourceTree = "<group>"; };
		536698AB2965ADB90080542A /* spdlogCPack.cmake */ = {isa = PBXFileReference; lastKnownFileType = text; path = spdlogCPack.cmake; sourceTree = "<group>"; };
		536698AC2965ADB90080542A /* utils.cmake */ = {isa = PBXFileReference; lastKnownFileType = text; path = utils.cmake; sourceTree = "<group>"; };
		536698AD2965ADB90080542A /* version.rc.in */ = {isa = PBXFileReference; lastKnownFileType = text; path = version.rc.in; sourceTree = "<group>"; };
		536698AE2965ADB90080542A /* spdlogConfig.cmake.in */ = {isa = PBXFileReference; lastKnownFileType = text; path = spdlogConfig.cmake.in; sourceTree = "<group>"; };
		536698AF2965ADB90080542A /* ide.cmake */ = {isa = PBXFileReference; lastKnownFileType = text; path = ide.cmake; sourceTree = "<group>"; };
		536698B12965ADB90080542A /* example.cpp */ = {isa = PBXFileReference; lastKnownFileType = sourcecode.cpp.cpp; path = example.cpp; sourceTree = "<group>"; };
		536698B22965ADB90080542A /* CMakeLists.txt */ = {isa = PBXFileReference; lastKnownFileType = text; path = CMakeLists.txt; sourceTree = "<group>"; };
		536698B52965ADB90080542A /* pattern_formatter-inl.h */ = {isa = PBXFileReference; lastKnownFileType = sourcecode.c.h; path = "pattern_formatter-inl.h"; sourceTree = "<group>"; };
		536698B62965ADB90080542A /* fwd.h */ = {isa = PBXFileReference; lastKnownFileType = sourcecode.c.h; path = fwd.h; sourceTree = "<group>"; };
		536698B72965ADB90080542A /* version.h */ = {isa = PBXFileReference; lastKnownFileType = sourcecode.c.h; path = version.h; sourceTree = "<group>"; };
		536698B82965ADB90080542A /* spdlog.h */ = {isa = PBXFileReference; lastKnownFileType = sourcecode.c.h; path = spdlog.h; sourceTree = "<group>"; };
		536698BA2965ADB90080542A /* ranges.h */ = {isa = PBXFileReference; lastKnownFileType = sourcecode.c.h; path = ranges.h; sourceTree = "<group>"; };
		536698BB2965ADB90080542A /* xchar.h */ = {isa = PBXFileReference; lastKnownFileType = sourcecode.c.h; path = xchar.h; sourceTree = "<group>"; };
		536698BC2965ADB90080542A /* chrono.h */ = {isa = PBXFileReference; lastKnownFileType = sourcecode.c.h; path = chrono.h; sourceTree = "<group>"; };
		536698BD2965ADB90080542A /* bin_to_hex.h */ = {isa = PBXFileReference; lastKnownFileType = sourcecode.c.h; path = bin_to_hex.h; sourceTree = "<group>"; };
		536698BF2965ADB90080542A /* ostream.h */ = {isa = PBXFileReference; lastKnownFileType = sourcecode.c.h; path = ostream.h; sourceTree = "<group>"; };
		536698C02965ADB90080542A /* format-inl.h */ = {isa = PBXFileReference; lastKnownFileType = sourcecode.c.h; path = "format-inl.h"; sourceTree = "<group>"; };
		536698C12965ADB90080542A /* ranges.h */ = {isa = PBXFileReference; lastKnownFileType = sourcecode.c.h; path = ranges.h; sourceTree = "<group>"; };
		536698C22965ADB90080542A /* xchar.h */ = {isa = PBXFileReference; lastKnownFileType = sourcecode.c.h; path = xchar.h; sourceTree = "<group>"; };
		536698C32965ADB90080542A /* core.h */ = {isa = PBXFileReference; lastKnownFileType = sourcecode.c.h; path = core.h; sourceTree = "<group>"; };
		536698C42965ADB90080542A /* locale.h */ = {isa = PBXFileReference; lastKnownFileType = sourcecode.c.h; path = locale.h; sourceTree = "<group>"; };
		536698C52965ADB90080542A /* chrono.h */ = {isa = PBXFileReference; lastKnownFileType = sourcecode.c.h; path = chrono.h; sourceTree = "<group>"; };
		536698C62965ADB90080542A /* os.h */ = {isa = PBXFileReference; lastKnownFileType = sourcecode.c.h; path = os.h; sourceTree = "<group>"; };
		536698C72965ADB90080542A /* fmt.license.rst */ = {isa = PBXFileReference; lastKnownFileType = text; path = fmt.license.rst; sourceTree = "<group>"; };
		536698C82965ADB90080542A /* color.h */ = {isa = PBXFileReference; lastKnownFileType = sourcecode.c.h; path = color.h; sourceTree = "<group>"; };
		536698C92965ADB90080542A /* args.h */ = {isa = PBXFileReference; lastKnownFileType = sourcecode.c.h; path = args.h; sourceTree = "<group>"; };
		536698CA2965ADB90080542A /* printf.h */ = {isa = PBXFileReference; lastKnownFileType = sourcecode.c.h; path = printf.h; sourceTree = "<group>"; };
		536698CB2965ADB90080542A /* compile.h */ = {isa = PBXFileReference; lastKnownFileType = sourcecode.c.h; path = compile.h; sourceTree = "<group>"; };
		536698CC2965ADB90080542A /* format.h */ = {isa = PBXFileReference; lastKnownFileType = sourcecode.c.h; path = format.h; sourceTree = "<group>"; };
		536698CD2965ADB90080542A /* std.h */ = {isa = PBXFileReference; lastKnownFileType = sourcecode.c.h; path = std.h; sourceTree = "<group>"; };
		536698CE2965ADB90080542A /* fmt.h */ = {isa = PBXFileReference; lastKnownFileType = sourcecode.c.h; path = fmt.h; sourceTree = "<group>"; };
		536698CF2965ADB90080542A /* compile.h */ = {isa = PBXFileReference; lastKnownFileType = sourcecode.c.h; path = compile.h; sourceTree = "<group>"; };
		536698D02965ADB90080542A /* ostr.h */ = {isa = PBXFileReference; lastKnownFileType = sourcecode.c.h; path = ostr.h; sourceTree = "<group>"; };
		536698D12965ADB90080542A /* std.h */ = {isa = PBXFileReference; lastKnownFileType = sourcecode.c.h; path = std.h; sourceTree = "<group>"; };
		536698D22965ADB90080542A /* logger-inl.h */ = {isa = PBXFileReference; lastKnownFileType = sourcecode.c.h; path = "logger-inl.h"; sourceTree = "<group>"; };
		536698D42965ADB90080542A /* qt_sinks.h */ = {isa = PBXFileReference; lastKnownFileType = sourcecode.c.h; path = qt_sinks.h; sourceTree = "<group>"; };
		536698D52965ADB90080542A /* ansicolor_sink-inl.h */ = {isa = PBXFileReference; lastKnownFileType = sourcecode.c.h; path = "ansicolor_sink-inl.h"; sourceTree = "<group>"; };
		536698D62965ADB90080542A /* hourly_file_sink.h */ = {isa = PBXFileReference; lastKnownFileType = sourcecode.c.h; path = hourly_file_sink.h; sourceTree = "<group>"; };
		536698D72965ADB90080542A /* stdout_sinks.h */ = {isa = PBXFileReference; lastKnownFileType = sourcecode.c.h; path = stdout_sinks.h; sourceTree = "<group>"; };
		536698D82965ADB90080542A /* basic_file_sink.h */ = {isa = PBXFileReference; lastKnownFileType = sourcecode.c.h; path = basic_file_sink.h; sourceTree = "<group>"; };
		536698D92965ADB90080542A /* rotating_file_sink.h */ = {isa = PBXFileReference; lastKnownFileType = sourcecode.c.h; path = rotating_file_sink.h; sourceTree = "<group>"; };
		536698DA2965ADB90080542A /* daily_file_sink.h */ = {isa = PBXFileReference; lastKnownFileType = sourcecode.c.h; path = daily_file_sink.h; sourceTree = "<group>"; };
		536698DB2965ADB90080542A /* ringbuffer_sink.h */ = {isa = PBXFileReference; lastKnownFileType = sourcecode.c.h; path = ringbuffer_sink.h; sourceTree = "<group>"; };
		536698DC2965ADB90080542A /* ansicolor_sink.h */ = {isa = PBXFileReference; lastKnownFileType = sourcecode.c.h; path = ansicolor_sink.h; sourceTree = "<group>"; };
		536698DD2965ADB90080542A /* systemd_sink.h */ = {isa = PBXFileReference; lastKnownFileType = sourcecode.c.h; path = systemd_sink.h; sourceTree = "<group>"; };
		536698DE2965ADB90080542A /* base_sink.h */ = {isa = PBXFileReference; lastKnownFileType = sourcecode.c.h; path = base_sink.h; sourceTree = "<group>"; };
		536698DF2965ADB90080542A /* stdout_color_sinks.h */ = {isa = PBXFileReference; lastKnownFileType = sourcecode.c.h; path = stdout_color_sinks.h; sourceTree = "<group>"; };
		536698E02965ADB90080542A /* dist_sink.h */ = {isa = PBXFileReference; lastKnownFileType = sourcecode.c.h; path = dist_sink.h; sourceTree = "<group>"; };
		536698E12965ADB90080542A /* msvc_sink.h */ = {isa = PBXFileReference; lastKnownFileType = sourcecode.c.h; path = msvc_sink.h; sourceTree = "<group>"; };
		536698E22965ADB90080542A /* tcp_sink.h */ = {isa = PBXFileReference; lastKnownFileType = sourcecode.c.h; path = tcp_sink.h; sourceTree = "<group>"; };
		536698E32965ADB90080542A /* mongo_sink.h */ = {isa = PBXFileReference; lastKnownFileType = sourcecode.c.h; path = mongo_sink.h; sourceTree = "<group>"; };
		536698E42965ADB90080542A /* sink-inl.h */ = {isa = PBXFileReference; lastKnownFileType = sourcecode.c.h; path = "sink-inl.h"; sourceTree = "<group>"; };
		536698E52965ADB90080542A /* wincolor_sink-inl.h */ = {isa = PBXFileReference; lastKnownFileType = sourcecode.c.h; path = "wincolor_sink-inl.h"; sourceTree = "<group>"; };
		536698E62965ADB90080542A /* android_sink.h */ = {isa = PBXFileReference; lastKnownFileType = sourcecode.c.h; path = android_sink.h; sourceTree = "<group>"; };
		536698E72965ADB90080542A /* stdout_sinks-inl.h */ = {isa = PBXFileReference; lastKnownFileType = sourcecode.c.h; path = "stdout_sinks-inl.h"; sourceTree = "<group>"; };
		536698E82965ADB90080542A /* sink.h */ = {isa = PBXFileReference; lastKnownFileType = sourcecode.c.h; path = sink.h; sourceTree = "<group>"; };
		536698E92965ADB90080542A /* syslog_sink.h */ = {isa = PBXFileReference; lastKnownFileType = sourcecode.c.h; path = syslog_sink.h; sourceTree = "<group>"; };
		536698EA2965ADB90080542A /* dup_filter_sink.h */ = {isa = PBXFileReference; lastKnownFileType = sourcecode.c.h; path = dup_filter_sink.h; sourceTree = "<group>"; };
		536698EB2965ADB90080542A /* win_eventlog_sink.h */ = {isa = PBXFileReference; lastKnownFileType = sourcecode.c.h; path = win_eventlog_sink.h; sourceTree = "<group>"; };
		536698EC2965ADB90080542A /* stdout_color_sinks-inl.h */ = {isa = PBXFileReference; lastKnownFileType = sourcecode.c.h; path = "stdout_color_sinks-inl.h"; sourceTree = "<group>"; };
		536698ED2965ADB90080542A /* ostream_sink.h */ = {isa = PBXFileReference; lastKnownFileType = sourcecode.c.h; path = ostream_sink.h; sourceTree = "<group>"; };
		536698EE2965ADB90080542A /* udp_sink.h */ = {isa = PBXFileReference; lastKnownFileType = sourcecode.c.h; path = udp_sink.h; sourceTree = "<group>"; };
		536698EF2965ADB90080542A /* rotating_file_sink-inl.h */ = {isa = PBXFileReference; lastKnownFileType = sourcecode.c.h; path = "rotating_file_sink-inl.h"; sourceTree = "<group>"; };
		536698F02965ADB90080542A /* basic_file_sink-inl.h */ = {isa = PBXFileReference; lastKnownFileType = sourcecode.c.h; path = "basic_file_sink-inl.h"; sourceTree = "<group>"; };
		536698F12965ADB90080542A /* null_sink.h */ = {isa = PBXFileReference; lastKnownFileType = sourcecode.c.h; path = null_sink.h; sourceTree = "<group>"; };
		536698F22965ADB90080542A /* base_sink-inl.h */ = {isa = PBXFileReference; lastKnownFileType = sourcecode.c.h; path = "base_sink-inl.h"; sourceTree = "<group>"; };
		536698F32965ADB90080542A /* wincolor_sink.h */ = {isa = PBXFileReference; lastKnownFileType = sourcecode.c.h; path = wincolor_sink.h; sourceTree = "<group>"; };
		536698F42965ADB90080542A /* formatter.h */ = {isa = PBXFileReference; lastKnownFileType = sourcecode.c.h; path = formatter.h; sourceTree = "<group>"; };
		536698F52965ADB90080542A /* common-inl.h */ = {isa = PBXFileReference; lastKnownFileType = sourcecode.c.h; path = "common-inl.h"; sourceTree = "<group>"; };
		536698F72965ADB90080542A /* log_msg_buffer-inl.h */ = {isa = PBXFileReference; lastKnownFileType = sourcecode.c.h; path = "log_msg_buffer-inl.h"; sourceTree = "<group>"; };
		536698F82965ADB90080542A /* log_msg-inl.h */ = {isa = PBXFileReference; lastKnownFileType = sourcecode.c.h; path = "log_msg-inl.h"; sourceTree = "<group>"; };
		536698F92965ADB90080542A /* udp_client.h */ = {isa = PBXFileReference; lastKnownFileType = sourcecode.c.h; path = udp_client.h; sourceTree = "<group>"; };
		536698FA2965ADB90080542A /* file_helper.h */ = {isa = PBXFileReference; lastKnownFileType = sourcecode.c.h; path = file_helper.h; sourceTree = "<group>"; };
		536698FB2965ADB90080542A /* periodic_worker-inl.h */ = {isa = PBXFileReference; lastKnownFileType = sourcecode.c.h; path = "periodic_worker-inl.h"; sourceTree = "<group>"; };
		536698FC2965ADB90080542A /* udp_client-windows.h */ = {isa = PBXFileReference; lastKnownFileType = sourcecode.c.h; path = "udp_client-windows.h"; sourceTree = "<group>"; };
		536698FD2965ADB90080542A /* periodic_worker.h */ = {isa = PBXFileReference; lastKnownFileType = sourcecode.c.h; path = periodic_worker.h; sourceTree = "<group>"; };
		536698FE2965ADB90080542A /* mpmc_blocking_q.h */ = {isa = PBXFileReference; lastKnownFileType = sourcecode.c.h; path = mpmc_blocking_q.h; sourceTree = "<group>"; };
		536698FF2965ADB90080542A /* os.h */ = {isa = PBXFileReference; lastKnownFileType = sourcecode.c.h; path = os.h; sourceTree = "<group>"; };
		536699002965ADB90080542A /* thread_pool-inl.h */ = {isa = PBXFileReference; lastKnownFileType = sourcecode.c.h; path = "thread_pool-inl.h"; sourceTree = "<group>"; };
		536699012965ADB90080542A /* fmt_helper.h */ = {isa = PBXFileReference; lastKnownFileType = sourcecode.c.h; path = fmt_helper.h; sourceTree = "<group>"; };
		536699022965ADB90080542A /* null_mutex.h */ = {isa = PBXFileReference; lastKnownFileType = sourcecode.c.h; path = null_mutex.h; sourceTree = "<group>"; };
		536699032965ADB90080542A /* registry.h */ = {isa = PBXFileReference; lastKnownFileType = sourcecode.c.h; path = registry.h; sourceTree = "<group>"; };
		536699042965ADB90080542A /* backtracer.h */ = {isa = PBXFileReference; lastKnownFileType = sourcecode.c.h; path = backtracer.h; sourceTree = "<group>"; };
		536699052965ADB90080542A /* registry-inl.h */ = {isa = PBXFileReference; lastKnownFileType = sourcecode.c.h; path = "registry-inl.h"; sourceTree = "<group>"; };
		536699062965ADB90080542A /* thread_pool.h */ = {isa = PBXFileReference; lastKnownFileType = sourcecode.c.h; path = thread_pool.h; sourceTree = "<group>"; };
		536699072965ADB90080542A /* circular_q.h */ = {isa = PBXFileReference; lastKnownFileType = sourcecode.c.h; path = circular_q.h; sourceTree = "<group>"; };
		536699082965ADB90080542A /* synchronous_factory.h */ = {isa = PBXFileReference; lastKnownFileType = sourcecode.c.h; path = synchronous_factory.h; sourceTree = "<group>"; };
		536699092965ADB90080542A /* os-inl.h */ = {isa = PBXFileReference; lastKnownFileType = sourcecode.c.h; path = "os-inl.h"; sourceTree = "<group>"; };
		5366990A2965ADB90080542A /* log_msg.h */ = {isa = PBXFileReference; lastKnownFileType = sourcecode.c.h; path = log_msg.h; sourceTree = "<group>"; };
		5366990B2965ADB90080542A /* backtracer-inl.h */ = {isa = PBXFileReference; lastKnownFileType = sourcecode.c.h; path = "backtracer-inl.h"; sourceTree = "<group>"; };
		5366990C2965ADB90080542A /* file_helper-inl.h */ = {isa = PBXFileReference; lastKnownFileType = sourcecode.c.h; path = "file_helper-inl.h"; sourceTree = "<group>"; };
		5366990D2965ADB90080542A /* log_msg_buffer.h */ = {isa = PBXFileReference; lastKnownFileType = sourcecode.c.h; path = log_msg_buffer.h; sourceTree = "<group>"; };
		5366990E2965ADB90080542A /* tcp_client.h */ = {isa = PBXFileReference; lastKnownFileType = sourcecode.c.h; path = tcp_client.h; sourceTree = "<group>"; };
		5366990F2965ADB90080542A /* console_globals.h */ = {isa = PBXFileReference; lastKnownFileType = sourcecode.c.h; path = console_globals.h; sourceTree = "<group>"; };
		536699102965ADB90080542A /* windows_include.h */ = {isa = PBXFileReference; lastKnownFileType = sourcecode.c.h; path = windows_include.h; sourceTree = "<group>"; };
		536699112965ADB90080542A /* tcp_client-windows.h */ = {isa = PBXFileReference; lastKnownFileType = sourcecode.c.h; path = "tcp_client-windows.h"; sourceTree = "<group>"; };
		536699122965ADB90080542A /* async_logger.h */ = {isa = PBXFileReference; lastKnownFileType = sourcecode.c.h; path = async_logger.h; sourceTree = "<group>"; };
		536699142965ADB90080542A /* env.h */ = {isa = PBXFileReference; lastKnownFileType = sourcecode.c.h; path = env.h; sourceTree = "<group>"; };
		536699152965ADB90080542A /* argv.h */ = {isa = PBXFileReference; lastKnownFileType = sourcecode.c.h; path = argv.h; sourceTree = "<group>"; };
		536699162965ADB90080542A /* helpers-inl.h */ = {isa = PBXFileReference; lastKnownFileType = sourcecode.c.h; path = "helpers-inl.h"; sourceTree = "<group>"; };
		536699172965ADB90080542A /* helpers.h */ = {isa = PBXFileReference; lastKnownFileType = sourcecode.c.h; path = helpers.h; sourceTree = "<group>"; };
		536699182965ADB90080542A /* tweakme.h */ = {isa = PBXFileReference; lastKnownFileType = sourcecode.c.h; path = tweakme.h; sourceTree = "<group>"; };
		536699192965ADB90080542A /* async.h */ = {isa = PBXFileReference; lastKnownFileType = sourcecode.c.h; path = async.h; sourceTree = "<group>"; };
		5366991A2965ADB90080542A /* common.h */ = {isa = PBXFileReference; lastKnownFileType = sourcecode.c.h; path = common.h; sourceTree = "<group>"; };
		5366991B2965ADB90080542A /* async_logger-inl.h */ = {isa = PBXFileReference; lastKnownFileType = sourcecode.c.h; path = "async_logger-inl.h"; sourceTree = "<group>"; };
		5366991C2965ADB90080542A /* stopwatch.h */ = {isa = PBXFileReference; lastKnownFileType = sourcecode.c.h; path = stopwatch.h; sourceTree = "<group>"; };
		5366991D2965ADB90080542A /* pattern_formatter.h */ = {isa = PBXFileReference; lastKnownFileType = sourcecode.c.h; path = pattern_formatter.h; sourceTree = "<group>"; };
		5366991E2965ADB90080542A /* logger.h */ = {isa = PBXFileReference; lastKnownFileType = sourcecode.c.h; path = logger.h; sourceTree = "<group>"; };
		5366991F2965ADB90080542A /* spdlog-inl.h */ = {isa = PBXFileReference; lastKnownFileType = sourcecode.c.h; path = "spdlog-inl.h"; sourceTree = "<group>"; };
		536699202965ADB90080542A /* .clang-tidy */ = {isa = PBXFileReference; lastKnownFileType = text; path = ".clang-tidy"; sourceTree = "<group>"; };
		536699222965ADB90080542A /* test_fmt_helper.cpp */ = {isa = PBXFileReference; lastKnownFileType = sourcecode.cpp.cpp; path = test_fmt_helper.cpp; sourceTree = "<group>"; };
		536699232965ADB90080542A /* test_async.cpp */ = {isa = PBXFileReference; lastKnownFileType = sourcecode.cpp.cpp; path = test_async.cpp; sourceTree = "<group>"; };
		536699242965ADB90080542A /* utils.h */ = {isa = PBXFileReference; lastKnownFileType = sourcecode.c.h; path = utils.h; sourceTree = "<group>"; };
		536699252965ADB90080542A /* utils.cpp */ = {isa = PBXFileReference; lastKnownFileType = sourcecode.cpp.cpp; path = utils.cpp; sourceTree = "<group>"; };
		536699262965ADB90080542A /* CMakeLists.txt */ = {isa = PBXFileReference; lastKnownFileType = text; path = CMakeLists.txt; sourceTree = "<group>"; };
		536699272965ADB90080542A /* test_cfg.cpp */ = {isa = PBXFileReference; lastKnownFileType = sourcecode.cpp.cpp; path = test_cfg.cpp; sourceTree = "<group>"; };
		536699282965ADB90080542A /* test_stopwatch.cpp */ = {isa = PBXFileReference; lastKnownFileType = sourcecode.cpp.cpp; path = test_stopwatch.cpp; sourceTree = "<group>"; };
		536699292965ADB90080542A /* catch.hpp */ = {isa = PBXFileReference; lastKnownFileType = sourcecode.cpp.h; path = catch.hpp; sourceTree = "<group>"; };
		5366992A2965ADB90080542A /* test_backtrace.cpp */ = {isa = PBXFileReference; lastKnownFileType = sourcecode.cpp.cpp; path = test_backtrace.cpp; sourceTree = "<group>"; };
		5366992B2965ADB90080542A /* test_stdout_api.cpp */ = {isa = PBXFileReference; lastKnownFileType = sourcecode.cpp.cpp; path = test_stdout_api.cpp; sourceTree = "<group>"; };
		5366992C2965ADB90080542A /* test_registry.cpp */ = {isa = PBXFileReference; lastKnownFileType = sourcecode.cpp.cpp; path = test_registry.cpp; sourceTree = "<group>"; };
		5366992D2965ADB90080542A /* test_eventlog.cpp */ = {isa = PBXFileReference; lastKnownFileType = sourcecode.cpp.cpp; path = test_eventlog.cpp; sourceTree = "<group>"; };
		5366992E2965ADB90080542A /* test_systemd.cpp */ = {isa = PBXFileReference; lastKnownFileType = sourcecode.cpp.cpp; path = test_systemd.cpp; sourceTree = "<group>"; };
		5366992F2965ADB90080542A /* test_daily_logger.cpp */ = {isa = PBXFileReference; lastKnownFileType = sourcecode.cpp.cpp; path = test_daily_logger.cpp; sourceTree = "<group>"; };
		536699302965ADB90080542A /* test_dup_filter.cpp */ = {isa = PBXFileReference; lastKnownFileType = sourcecode.cpp.cpp; path = test_dup_filter.cpp; sourceTree = "<group>"; };
		536699312965ADB90080542A /* test_macros.cpp */ = {isa = PBXFileReference; lastKnownFileType = sourcecode.cpp.cpp; path = test_macros.cpp; sourceTree = "<group>"; };
		536699322965ADB90080542A /* test_misc.cpp */ = {isa = PBXFileReference; lastKnownFileType = sourcecode.cpp.cpp; path = test_misc.cpp; sourceTree = "<group>"; };
		536699332965ADB90080542A /* test_file_helper.cpp */ = {isa = PBXFileReference; lastKnownFileType = sourcecode.cpp.cpp; path = test_file_helper.cpp; sourceTree = "<group>"; };
		536699342965ADB90080542A /* test_file_logging.cpp */ = {isa = PBXFileReference; lastKnownFileType = sourcecode.cpp.cpp; path = test_file_logging.cpp; sourceTree = "<group>"; };
		536699352965ADB90080542A /* test_create_dir.cpp */ = {isa = PBXFileReference; lastKnownFileType = sourcecode.cpp.cpp; path = test_create_dir.cpp; sourceTree = "<group>"; };
		536699362965ADB90080542A /* test_pattern_formatter.cpp */ = {isa = PBXFileReference; lastKnownFileType = sourcecode.cpp.cpp; path = test_pattern_formatter.cpp; sourceTree = "<group>"; };
		536699372965ADB90080542A /* catch.license */ = {isa = PBXFileReference; lastKnownFileType = text; path = catch.license; sourceTree = "<group>"; };
		536699382965ADB90080542A /* test_sink.h */ = {isa = PBXFileReference; lastKnownFileType = sourcecode.c.h; path = test_sink.h; sourceTree = "<group>"; };
		536699392965ADB90080542A /* test_mpmc_q.cpp */ = {isa = PBXFileReference; lastKnownFileType = sourcecode.cpp.cpp; path = test_mpmc_q.cpp; sourceTree = "<group>"; };
		5366993A2965ADB90080542A /* test_time_point.cpp */ = {isa = PBXFileReference; lastKnownFileType = sourcecode.cpp.cpp; path = test_time_point.cpp; sourceTree = "<group>"; };
		5366993B2965ADB90080542A /* main.cpp */ = {isa = PBXFileReference; lastKnownFileType = sourcecode.cpp.cpp; path = main.cpp; sourceTree = "<group>"; };
		5366993C2965ADB90080542A /* test_errors.cpp */ = {isa = PBXFileReference; lastKnownFileType = sourcecode.cpp.cpp; path = test_errors.cpp; sourceTree = "<group>"; };
		5366993D2965ADB90080542A /* includes.h */ = {isa = PBXFileReference; lastKnownFileType = sourcecode.c.h; path = includes.h; sourceTree = "<group>"; };
		5366993F2965ADB90080542A /* jetbrains-variant-4.svg */ = {isa = PBXFileReference; lastKnownFileType = text; path = "jetbrains-variant-4.svg"; sourceTree = "<group>"; };
		536699402965ADB90080542A /* README.md */ = {isa = PBXFileReference; lastKnownFileType = net.daringfireball.markdown; path = README.md; sourceTree = "<group>"; };
		536699412965ADB90080542A /* appveyor.yml */ = {isa = PBXFileReference; lastKnownFileType = text.yaml; path = appveyor.yml; sourceTree = "<group>"; };
		536699422965ADB90080542A /* .gitignore */ = {isa = PBXFileReference; lastKnownFileType = text; path = .gitignore; sourceTree = "<group>"; };
		536699442965ADB90080542A /* ci_setup_clang.sh */ = {isa = PBXFileReference; lastKnownFileType = text.script.sh; path = ci_setup_clang.sh; sourceTree = "<group>"; };
		536699452965ADB90080542A /* extract_version.py */ = {isa = PBXFileReference; lastKnownFileType = text.script.python; path = extract_version.py; sourceTree = "<group>"; };
		536699462965ADB90080542A /* format.sh */ = {isa = PBXFileReference; lastKnownFileType = text.script.sh; path = format.sh; sourceTree = "<group>"; };
		536699472965ADB90080542A /* .clang-format */ = {isa = PBXFileReference; lastKnownFileType = text; path = ".clang-format"; sourceTree = "<group>"; };
		5366994A2965ADB90080542A /* ci.yml */ = {isa = PBXFileReference; lastKnownFileType = text.yaml; path = ci.yml; sourceTree = "<group>"; };
		5366994B2965ADB90080542A /* .gitattributes */ = {isa = PBXFileReference; lastKnownFileType = text; path = .gitattributes; sourceTree = "<group>"; };
		5366994D2965ADB90080542A /* cfg.cpp */ = {isa = PBXFileReference; lastKnownFileType = sourcecode.cpp.cpp; path = cfg.cpp; sourceTree = "<group>"; };
		5366994E2965ADB90080542A /* stdout_sinks.cpp */ = {isa = PBXFileReference; lastKnownFileType = sourcecode.cpp.cpp; path = stdout_sinks.cpp; sourceTree = "<group>"; };
		5366994F2965ADB90080542A /* bundled_fmtlib_format.cpp */ = {isa = PBXFileReference; lastKnownFileType = sourcecode.cpp.cpp; path = bundled_fmtlib_format.cpp; sourceTree = "<group>"; };
		536699502965ADB90080542A /* async.cpp */ = {isa = PBXFileReference; lastKnownFileType = sourcecode.cpp.cpp; path = async.cpp; sourceTree = "<group>"; };
		536699512965ADB90080542A /* file_sinks.cpp */ = {isa = PBXFileReference; lastKnownFileType = sourcecode.cpp.cpp; path = file_sinks.cpp; sourceTree = "<group>"; };
		536699522965ADB90080542A /* color_sinks.cpp */ = {isa = PBXFileReference; lastKnownFileType = sourcecode.cpp.cpp; path = color_sinks.cpp; sourceTree = "<group>"; };
		536699532965ADB90080542A /* spdlog.cpp */ = {isa = PBXFileReference; lastKnownFileType = sourcecode.cpp.cpp; path = spdlog.cpp; sourceTree = "<group>"; };
		536699542965AEDC0080542A /* libspdlog.a */ = {isa = PBXFileReference; lastKnownFileType = archive.ar; name = libspdlog.a; path = vendor/spdlog/build/libspdlog.a; sourceTree = "<group>"; };
		536699572965B04C0080542A /* glad.c */ = {isa = PBXFileReference; fileEncoding = 4; lastKnownFileType = sourcecode.c.c; path = glad.c; sourceTree = "<group>"; };
		5366995D2965B0710080542A /* BarrelSandbox */ = {isa = PBXFileReference; explicitFileType = "compiled.mach-o.executable"; includeInIndex = 0; path = BarrelSandbox; sourceTree = BUILT_PRODUCTS_DIR; };
		536699642965B0950080542A /* SandboxApp.cpp */ = {isa = PBXFileReference; fileEncoding = 4; lastKnownFileType = sourcecode.cpp.cpp; path = SandboxApp.cpp; sourceTree = "<group>"; };
		538B10192965D59B000C591F /* imgui_single_file.h */ = {isa = PBXFileReference; lastKnownFileType = sourcecode.c.h; path = imgui_single_file.h; sourceTree = "<group>"; };
		538B101B2965D59B000C591F /* imgui_freetype.h */ = {isa = PBXFileReference; lastKnownFileType = sourcecode.c.h; path = imgui_freetype.h; sourceTree = "<group>"; };
		538B101C2965D59B000C591F /* imgui_freetype.cpp */ = {isa = PBXFileReference; lastKnownFileType = sourcecode.cpp.cpp; path = imgui_freetype.cpp; sourceTree = "<group>"; };
		538B101D2965D59B000C591F /* README.md */ = {isa = PBXFileReference; lastKnownFileType = net.daringfireball.markdown; path = README.md; sourceTree = "<group>"; };
		538B101F2965D59B000C591F /* imgui.gdb */ = {isa = PBXFileReference; lastKnownFileType = text; path = imgui.gdb; sourceTree = "<group>"; };
		538B10202965D59B000C591F /* imgui.natstepfilter */ = {isa = PBXFileReference; lastKnownFileType = text.xml; path = imgui.natstepfilter; sourceTree = "<group>"; };
		538B10212965D59B000C591F /* README.txt */ = {isa = PBXFileReference; lastKnownFileType = text; path = README.txt; sourceTree = "<group>"; };
		538B10222965D59B000C591F /* imgui.natvis */ = {isa = PBXFileReference; lastKnownFileType = text.xml; path = imgui.natvis; sourceTree = "<group>"; };
		538B10242965D59B000C591F /* imgui_stdlib.h */ = {isa = PBXFileReference; lastKnownFileType = sourcecode.c.h; path = imgui_stdlib.h; sourceTree = "<group>"; };
		538B10252965D59B000C591F /* README.txt */ = {isa = PBXFileReference; lastKnownFileType = text; path = README.txt; sourceTree = "<group>"; };
		538B10262965D59B000C591F /* imgui_stdlib.cpp */ = {isa = PBXFileReference; lastKnownFileType = sourcecode.cpp.cpp; path = imgui_stdlib.cpp; sourceTree = "<group>"; };
		538B10272965D59B000C591F /* README.txt */ = {isa = PBXFileReference; lastKnownFileType = text; path = README.txt; sourceTree = "<group>"; };
		538B10292965D59B000C591F /* Roboto-Medium.ttf */ = {isa = PBXFileReference; lastKnownFileType = file; path = "Roboto-Medium.ttf"; sourceTree = "<group>"; };
		538B102A2965D59B000C591F /* DroidSans.ttf */ = {isa = PBXFileReference; lastKnownFileType = file; path = DroidSans.ttf; sourceTree = "<group>"; };
		538B102B2965D59B000C591F /* ProggyTiny.ttf */ = {isa = PBXFileReference; lastKnownFileType = file; path = ProggyTiny.ttf; sourceTree = "<group>"; };
		538B102C2965D59B000C591F /* ProggyClean.ttf */ = {isa = PBXFileReference; lastKnownFileType = file; path = ProggyClean.ttf; sourceTree = "<group>"; };
		538B102D2965D59B000C591F /* Cousine-Regular.ttf */ = {isa = PBXFileReference; lastKnownFileType = file; path = "Cousine-Regular.ttf"; sourceTree = "<group>"; };
		538B102E2965D59B000C591F /* Karla-Regular.ttf */ = {isa = PBXFileReference; lastKnownFileType = file; path = "Karla-Regular.ttf"; sourceTree = "<group>"; };
		538B102F2965D59B000C591F /* binary_to_compressed_c.cpp */ = {isa = PBXFileReference; lastKnownFileType = sourcecode.cpp.cpp; path = binary_to_compressed_c.cpp; sourceTree = "<group>"; };
		538B10302965D59B000C591F /* imgui.h */ = {isa = PBXFileReference; lastKnownFileType = sourcecode.c.h; path = imgui.h; sourceTree = "<group>"; };
		538B10312965D59B000C591F /* imstb_textedit.h */ = {isa = PBXFileReference; lastKnownFileType = sourcecode.c.h; path = imstb_textedit.h; sourceTree = "<group>"; };
		538B10322965D59B000C591F /* imconfig.h */ = {isa = PBXFileReference; lastKnownFileType = sourcecode.c.h; path = imconfig.h; sourceTree = "<group>"; };
		538B10332965D59B000C591F /* imgui_widgets.cpp */ = {isa = PBXFileReference; lastKnownFileType = sourcecode.cpp.cpp; path = imgui_widgets.cpp; sourceTree = "<group>"; };
		538B10342965D59B000C591F /* imstb_truetype.h */ = {isa = PBXFileReference; lastKnownFileType = sourcecode.c.h; path = imstb_truetype.h; sourceTree = "<group>"; };
		538B10362965D59B000C591F /* imgui_impl_allegro5.h */ = {isa = PBXFileReference; lastKnownFileType = sourcecode.c.h; path = imgui_impl_allegro5.h; sourceTree = "<group>"; };
		538B10372965D59B000C591F /* imgui_impl_win32.h */ = {isa = PBXFileReference; lastKnownFileType = sourcecode.c.h; path = imgui_impl_win32.h; sourceTree = "<group>"; };
		538B10382965D59B000C591F /* imgui_impl_dx12.h */ = {isa = PBXFileReference; lastKnownFileType = sourcecode.c.h; path = imgui_impl_dx12.h; sourceTree = "<group>"; };
		538B10392965D59B000C591F /* imgui_impl_wgpu.h */ = {isa = PBXFileReference; lastKnownFileType = sourcecode.c.h; path = imgui_impl_wgpu.h; sourceTree = "<group>"; };
		538B103A2965D59B000C591F /* imgui_impl_sdl.h */ = {isa = PBXFileReference; lastKnownFileType = sourcecode.c.h; path = imgui_impl_sdl.h; sourceTree = "<group>"; };
		538B103B2965D59B000C591F /* imgui_impl_osx.h */ = {isa = PBXFileReference; lastKnownFileType = sourcecode.c.h; path = imgui_impl_osx.h; sourceTree = "<group>"; };
		538B103C2965D59B000C591F /* imgui_impl_sdlrenderer.h */ = {isa = PBXFileReference; lastKnownFileType = sourcecode.c.h; path = imgui_impl_sdlrenderer.h; sourceTree = "<group>"; };
		538B103D2965D59B000C591F /* imgui_impl_opengl3.h */ = {isa = PBXFileReference; lastKnownFileType = sourcecode.c.h; path = imgui_impl_opengl3.h; sourceTree = "<group>"; };
		538B103E2965D59B000C591F /* imgui_impl_sdlrenderer.cpp */ = {isa = PBXFileReference; lastKnownFileType = sourcecode.cpp.cpp; path = imgui_impl_sdlrenderer.cpp; sourceTree = "<group>"; };
		538B103F2965D59B000C591F /* imgui_impl_dx11.h */ = {isa = PBXFileReference; lastKnownFileType = sourcecode.c.h; path = imgui_impl_dx11.h; sourceTree = "<group>"; };
		538B10402965D59B000C591F /* imgui_impl_android.cpp */ = {isa = PBXFileReference; lastKnownFileType = sourcecode.cpp.cpp; path = imgui_impl_android.cpp; sourceTree = "<group>"; };
		538B10412965D59B000C591F /* imgui_impl_win32.cpp */ = {isa = PBXFileReference; lastKnownFileType = sourcecode.cpp.cpp; path = imgui_impl_win32.cpp; sourceTree = "<group>"; };
		538B10422965D59B000C591F /* imgui_impl_glut.h */ = {isa = PBXFileReference; lastKnownFileType = sourcecode.c.h; path = imgui_impl_glut.h; sourceTree = "<group>"; };
		538B10432965D59B000C591F /* imgui_impl_opengl2.h */ = {isa = PBXFileReference; lastKnownFileType = sourcecode.c.h; path = imgui_impl_opengl2.h; sourceTree = "<group>"; };
		538B10442965D59B000C591F /* imgui_impl_opengl3_loader.h */ = {isa = PBXFileReference; lastKnownFileType = sourcecode.c.h; path = imgui_impl_opengl3_loader.h; sourceTree = "<group>"; };
		538B10452965D59B000C591F /* imgui_impl_metal.mm */ = {isa = PBXFileReference; lastKnownFileType = sourcecode.cpp.objcpp; path = imgui_impl_metal.mm; sourceTree = "<group>"; };
		538B10462965D59B000C591F /* imgui_impl_dx10.h */ = {isa = PBXFileReference; lastKnownFileType = sourcecode.c.h; path = imgui_impl_dx10.h; sourceTree = "<group>"; };
		538B10472965D59B000C591F /* imgui_impl_glut.cpp */ = {isa = PBXFileReference; lastKnownFileType = sourcecode.cpp.cpp; path = imgui_impl_glut.cpp; sourceTree = "<group>"; };
		538B10482965D59B000C591F /* imgui_impl_allegro5.cpp */ = {isa = PBXFileReference; lastKnownFileType = sourcecode.cpp.cpp; path = imgui_impl_allegro5.cpp; sourceTree = "<group>"; };
		538B10492965D59B000C591F /* imgui_impl_dx9.cpp */ = {isa = PBXFileReference; lastKnownFileType = sourcecode.cpp.cpp; path = imgui_impl_dx9.cpp; sourceTree = "<group>"; };
		538B104B2965D59B000C591F /* glsl_shader.vert */ = {isa = PBXFileReference; lastKnownFileType = sourcecode.glsl; path = glsl_shader.vert; sourceTree = "<group>"; };
		538B104C2965D59B000C591F /* generate_spv.sh */ = {isa = PBXFileReference; lastKnownFileType = text.script.sh; path = generate_spv.sh; sourceTree = "<group>"; };
		538B104D2965D59B000C591F /* glsl_shader.frag */ = {isa = PBXFileReference; lastKnownFileType = sourcecode.glsl; path = glsl_shader.frag; sourceTree = "<group>"; };
		538B104E2965D59B000C591F /* imgui_impl_opengl2.cpp */ = {isa = PBXFileReference; lastKnownFileType = sourcecode.cpp.cpp; path = imgui_impl_opengl2.cpp; sourceTree = "<group>"; };
		538B104F2965D59B000C591F /* imgui_impl_glfw.h */ = {isa = PBXFileReference; lastKnownFileType = sourcecode.c.h; path = imgui_impl_glfw.h; sourceTree = "<group>"; };
		538B10502965D59B000C591F /* imgui_impl_metal.h */ = {isa = PBXFileReference; lastKnownFileType = sourcecode.c.h; path = imgui_impl_metal.h; sourceTree = "<group>"; };
		538B10512965D59B000C591F /* imgui_impl_opengl3.cpp */ = {isa = PBXFileReference; lastKnownFileType = sourcecode.cpp.cpp; path = imgui_impl_opengl3.cpp; sourceTree = "<group>"; };
		538B10522965D59B000C591F /* imgui_impl_dx10.cpp */ = {isa = PBXFileReference; lastKnownFileType = sourcecode.cpp.cpp; path = imgui_impl_dx10.cpp; sourceTree = "<group>"; };
		538B10532965D59B000C591F /* imgui_impl_vulkan.cpp */ = {isa = PBXFileReference; lastKnownFileType = sourcecode.cpp.cpp; path = imgui_impl_vulkan.cpp; sourceTree = "<group>"; };
		538B10542965D59B000C591F /* imgui_impl_osx.mm */ = {isa = PBXFileReference; lastKnownFileType = sourcecode.cpp.objcpp; path = imgui_impl_osx.mm; sourceTree = "<group>"; };
		538B10552965D59B000C591F /* imgui_impl_dx11.cpp */ = {isa = PBXFileReference; lastKnownFileType = sourcecode.cpp.cpp; path = imgui_impl_dx11.cpp; sourceTree = "<group>"; };
		538B10562965D59B000C591F /* imgui_impl_dx9.h */ = {isa = PBXFileReference; lastKnownFileType = sourcecode.c.h; path = imgui_impl_dx9.h; sourceTree = "<group>"; };
		538B10572965D59B000C591F /* imgui_impl_dx12.cpp */ = {isa = PBXFileReference; lastKnownFileType = sourcecode.cpp.cpp; path = imgui_impl_dx12.cpp; sourceTree = "<group>"; };
		538B10582965D59B000C591F /* imgui_impl_wgpu.cpp */ = {isa = PBXFileReference; lastKnownFileType = sourcecode.cpp.cpp; path = imgui_impl_wgpu.cpp; sourceTree = "<group>"; };
		538B10592965D59B000C591F /* imgui_impl_android.h */ = {isa = PBXFileReference; lastKnownFileType = sourcecode.c.h; path = imgui_impl_android.h; sourceTree = "<group>"; };
		538B105A2965D59B000C591F /* imgui_impl_vulkan.h */ = {isa = PBXFileReference; lastKnownFileType = sourcecode.c.h; path = imgui_impl_vulkan.h; sourceTree = "<group>"; };
		538B105B2965D59B000C591F /* imgui_impl_glfw.cpp */ = {isa = PBXFileReference; lastKnownFileType = sourcecode.cpp.cpp; path = imgui_impl_glfw.cpp; sourceTree = "<group>"; };
		538B105C2965D59B000C591F /* imgui_impl_sdl.cpp */ = {isa = PBXFileReference; lastKnownFileType = sourcecode.cpp.cpp; path = imgui_impl_sdl.cpp; sourceTree = "<group>"; };
		538B105E2965D59B000C591F /* EXAMPLES.md */ = {isa = PBXFileReference; lastKnownFileType = net.daringfireball.markdown; path = EXAMPLES.md; sourceTree = "<group>"; };
		538B105F2965D59B000C591F /* BACKENDS.md */ = {isa = PBXFileReference; lastKnownFileType = net.daringfireball.markdown; path = BACKENDS.md; sourceTree = "<group>"; };
		538B10602965D59B000C591F /* TODO.txt */ = {isa = PBXFileReference; lastKnownFileType = text; path = TODO.txt; sourceTree = "<group>"; };
		538B10612965D59B000C591F /* FAQ.md */ = {isa = PBXFileReference; lastKnownFileType = net.daringfireball.markdown; path = FAQ.md; sourceTree = "<group>"; };
		538B10622965D59B000C591F /* FONTS.md */ = {isa = PBXFileReference; lastKnownFileType = net.daringfireball.markdown; path = FONTS.md; sourceTree = "<group>"; };
		538B10632965D59B000C591F /* README.md */ = {isa = PBXFileReference; lastKnownFileType = net.daringfireball.markdown; path = README.md; sourceTree = "<group>"; };
		538B10642965D59B000C591F /* CONTRIBUTING.md */ = {isa = PBXFileReference; lastKnownFileType = net.daringfireball.markdown; path = CONTRIBUTING.md; sourceTree = "<group>"; };
		538B10652965D59B000C591F /* CHANGELOG.txt */ = {isa = PBXFileReference; lastKnownFileType = text; path = CHANGELOG.txt; sourceTree = "<group>"; };
		538B10662965D59B000C591F /* .editorconfig */ = {isa = PBXFileReference; lastKnownFileType = text; path = .editorconfig; sourceTree = "<group>"; };
		538B10672965D59B000C591F /* .gitignore */ = {isa = PBXFileReference; lastKnownFileType = text; path = .gitignore; sourceTree = "<group>"; };
		538B10682965D59B000C591F /* imgui.cpp */ = {isa = PBXFileReference; lastKnownFileType = sourcecode.cpp.cpp; path = imgui.cpp; sourceTree = "<group>"; };
		538B11012965D59B000C591F /* imgui_internal.h */ = {isa = PBXFileReference; lastKnownFileType = sourcecode.c.h; path = imgui_internal.h; sourceTree = "<group>"; };
		538B11032965D59B000C591F /* FUNDING.yml */ = {isa = PBXFileReference; lastKnownFileType = text.yaml; path = FUNDING.yml; sourceTree = "<group>"; };
		538B11052965D59B000C591F /* static-analysis.yml */ = {isa = PBXFileReference; lastKnownFileType = text.yaml; path = "static-analysis.yml"; sourceTree = "<group>"; };
		538B11062965D59B000C591F /* scheduled.yml */ = {isa = PBXFileReference; lastKnownFileType = text.yaml; path = scheduled.yml; sourceTree = "<group>"; };
		538B11072965D59B000C591F /* build.yml */ = {isa = PBXFileReference; lastKnownFileType = text.yaml; path = build.yml; sourceTree = "<group>"; };
		538B11082965D59B000C591F /* pull_request_template.md */ = {isa = PBXFileReference; lastKnownFileType = net.daringfireball.markdown; path = pull_request_template.md; sourceTree = "<group>"; };
		538B11092965D59B000C591F /* issue_template.md */ = {isa = PBXFileReference; lastKnownFileType = net.daringfireball.markdown; path = issue_template.md; sourceTree = "<group>"; };
		538B110A2965D59B000C591F /* .gitattributes */ = {isa = PBXFileReference; lastKnownFileType = text; path = .gitattributes; sourceTree = "<group>"; };
		538B110B2965D59B000C591F /* imstb_rectpack.h */ = {isa = PBXFileReference; lastKnownFileType = sourcecode.c.h; path = imstb_rectpack.h; sourceTree = "<group>"; };
		538B110C2965D59B000C591F /* LICENSE.txt */ = {isa = PBXFileReference; lastKnownFileType = text; path = LICENSE.txt; sourceTree = "<group>"; };
		538B110D2965D59B000C591F /* imgui_tables.cpp */ = {isa = PBXFileReference; lastKnownFileType = sourcecode.cpp.cpp; path = imgui_tables.cpp; sourceTree = "<group>"; };
		538B110E2965D59B000C591F /* imgui_demo.cpp */ = {isa = PBXFileReference; lastKnownFileType = sourcecode.cpp.cpp; path = imgui_demo.cpp; sourceTree = "<group>"; };
		538B110F2965D59B000C591F /* imgui_draw.cpp */ = {isa = PBXFileReference; lastKnownFileType = sourcecode.cpp.cpp; path = imgui_draw.cpp; sourceTree = "<group>"; };
		53ED8B652966DBD3000C567C /* ImGuiLayer.hpp */ = {isa = PBXFileReference; fileEncoding = 4; lastKnownFileType = sourcecode.cpp.h; path = ImGuiLayer.hpp; sourceTree = "<group>"; };
		53ED8B662966DBD4000C567C /* imGuiLayer.cpp */ = {isa = PBXFileReference; fileEncoding = 4; lastKnownFileType = sourcecode.cpp.cpp; path = imGuiLayer.cpp; sourceTree = "<group>"; };
		53ED8B762966E2FD000C567C /* libglad.a */ = {isa = PBXFileReference; explicitFileType = archive.ar; includeInIndex = 0; path = libglad.a; sourceTree = BUILT_PRODUCTS_DIR; };
		53ED8B822966E3C2000C567C /* libimgui.a */ = {isa = PBXFileReference; explicitFileType = archive.ar; includeInIndex = 0; path = libimgui.a; sourceTree = BUILT_PRODUCTS_DIR; };
/* End PBXFileReference section */

/* Begin PBXFrameworksBuildPhase section */
		536698472965A1B80080542A /* Frameworks */ = {
			isa = PBXFrameworksBuildPhase;
			buildActionMask = 2147483647;
			files = (
				53ED8B992966E54D000C567C /* libimgui.a in Frameworks */,
				53ED8B7D2966E397000C567C /* libglad.a in Frameworks */,
				536699552965AEDC0080542A /* libspdlog.a in Frameworks */,
				536698982965A83A0080542A /* libglfw.3.3.dylib in Frameworks */,
				536698882965A48B0080542A /* Metal.framework in Frameworks */,
				536698862965A4760080542A /* Foundation.framework in Frameworks */,
				536698842965A46C0080542A /* OpenGL.framework in Frameworks */,
			);
			runOnlyForDeploymentPostprocessing = 0;
		};
		5366995A2965B0710080542A /* Frameworks */ = {
			isa = PBXFrameworksBuildPhase;
			buildActionMask = 2147483647;
			files = (
				53ED8B982966E51D000C567C /* libglad.a in Frameworks */,
				53669AC92965B8650080542A /* libglfw.3.3.dylib in Frameworks */,
				53669AC82965B8130080542A /* libspdlog.a in Frameworks */,
				536699682965B6590080542A /* Metal.framework in Frameworks */,
				536699672965B64F0080542A /* Foundation.framework in Frameworks */,
				536699662965B6450080542A /* libBarrel.dylib in Frameworks */,
			);
			runOnlyForDeploymentPostprocessing = 0;
		};
		53ED8B742966E2FD000C567C /* Frameworks */ = {
			isa = PBXFrameworksBuildPhase;
			buildActionMask = 2147483647;
			files = (
			);
			runOnlyForDeploymentPostprocessing = 0;
		};
		53ED8B802966E3C2000C567C /* Frameworks */ = {
			isa = PBXFrameworksBuildPhase;
			buildActionMask = 2147483647;
			files = (
				53ED8B972966E4AE000C567C /* libglfw.3.3.dylib in Frameworks */,
				53ED8B962966E45E000C567C /* libglad.a in Frameworks */,
			);
			runOnlyForDeploymentPostprocessing = 0;
		};
/* End PBXFrameworksBuildPhase section */

/* Begin PBXGroup section */
		536698402965A1B80080542A = {
			isa = PBXGroup;
			children = (
				536698502965A1FD0080542A /* src */,
				536698892965A5960080542A /* vendor */,
				5366995E2965B0710080542A /* BarrelSandbox */,
				5366984A2965A1B80080542A /* Products */,
				536698822965A46C0080542A /* Frameworks */,
			);
			sourceTree = "<group>";
		};
		5366984A2965A1B80080542A /* Products */ = {
			isa = PBXGroup;
			children = (
				536698492965A1B80080542A /* libBarrel.dylib */,
				5366995D2965B0710080542A /* BarrelSandbox */,
				53ED8B762966E2FD000C567C /* libglad.a */,
				53ED8B822966E3C2000C567C /* libimgui.a */,
			);
			name = Products;
			sourceTree = "<group>";
		};
		536698502965A1FD0080542A /* src */ = {
			isa = PBXGroup;
			children = (
				536698522965A2620080542A /* barrel */,
				536698922965A70C0080542A /* pch */,
				536698992965A8C00080542A /* Barrel.hpp */,
			);
			path = src;
			sourceTree = "<group>";
		};
		536698522965A2620080542A /* barrel */ = {
			isa = PBXGroup;
			children = (
				536698532965A26F0080542A /* core */,
				536698552965A2850080542A /* layers */,
				536698562965A2910080542A /* window */,
				53ED8B612966DB8B000C567C /* imgui */,
				536698572965A2980080542A /* log */,
				536698542965A2780080542A /* events */,
				536698802965A43C0080542A /* EntryPoint.hpp */,
			);
			path = barrel;
			sourceTree = "<group>";
		};
		536698532965A26F0080542A /* core */ = {
			isa = PBXGroup;
			children = (
				5366985A2965A33A0080542A /* Application.cpp */,
				5366985B2965A33A0080542A /* Application.hpp */,
			);
			path = core;
			sourceTree = "<group>";
		};
		536698542965A2780080542A /* events */ = {
			isa = PBXGroup;
			children = (
				536698692965A3E70080542A /* Event.hpp */,
				5366986A2965A3E70080542A /* KeyEvent.hpp */,
				536698682965A3E60080542A /* MouseEvent.hpp */,
				536698662965A3D40080542A /* ApplicationEvent.hpp */,
			);
			path = events;
			sourceTree = "<group>";
		};
		536698552965A2850080542A /* layers */ = {
			isa = PBXGroup;
			children = (
				5366986F2965A3F60080542A /* Layer.hpp */,
				5366986E2965A3F60080542A /* LayerStack.cpp */,
				536698702965A3F60080542A /* LayerStack.hpp */,
			);
			path = layers;
			sourceTree = "<group>";
		};
		536698562965A2910080542A /* window */ = {
			isa = PBXGroup;
			children = (
				536698752965A4020080542A /* MacOsWindow.cpp */,
				536698762965A4020080542A /* MacOsWindow.hpp */,
				536698742965A4020080542A /* Window.cpp */,
				536698772965A4020080542A /* Window.hpp */,
			);
			path = window;
			sourceTree = "<group>";
		};
		536698572965A2980080542A /* log */ = {
			isa = PBXGroup;
			children = (
				5366987C2965A40D0080542A /* Log.cpp */,
				5366987D2965A40D0080542A /* Log.hpp */,
			);
			path = log;
			sourceTree = "<group>";
		};
		536698822965A46C0080542A /* Frameworks */ = {
			isa = PBXGroup;
			children = (
				5366989B2965AAF00080542A /* libspdlog.a */,
				536699542965AEDC0080542A /* libspdlog.a */,
				536698972965A83A0080542A /* libglfw.3.3.dylib */,
				536698952965A8210080542A /* libspdlog.1.11.0.dylib */,
				536698872965A48B0080542A /* Metal.framework */,
				536698852965A4760080542A /* Foundation.framework */,
				536698832965A46C0080542A /* OpenGL.framework */,
			);
			name = Frameworks;
			sourceTree = "<group>";
		};
		536698892965A5960080542A /* vendor */ = {
			isa = PBXGroup;
			children = (
				538B10162965D59B000C591F /* imgui */,
				5366989D2965ADB90080542A /* spdlog */,
				5366988A2965A5C60080542A /* glad */,
			);
			path = vendor;
			sourceTree = "<group>";
		};
		5366988A2965A5C60080542A /* glad */ = {
			isa = PBXGroup;
			children = (
				536699562965B04C0080542A /* src */,
				5366988B2965A5FF0080542A /* include */,
			);
			path = glad;
			sourceTree = "<group>";
		};
		5366988B2965A5FF0080542A /* include */ = {
			isa = PBXGroup;
			children = (
				5366988C2965A5FF0080542A /* KHR */,
				5366988E2965A5FF0080542A /* glad */,
			);
			path = include;
			sourceTree = "<group>";
		};
		5366988C2965A5FF0080542A /* KHR */ = {
			isa = PBXGroup;
			children = (
				5366988D2965A5FF0080542A /* khrplatform.h */,
			);
			path = KHR;
			sourceTree = "<group>";
		};
		5366988E2965A5FF0080542A /* glad */ = {
			isa = PBXGroup;
			children = (
				5366988F2965A5FF0080542A /* glad.h */,
			);
			path = glad;
			sourceTree = "<group>";
		};
		536698922965A70C0080542A /* pch */ = {
			isa = PBXGroup;
			children = (
				536698932965A7290080542A /* pchBarrel.hpp */,
			);
			path = pch;
			sourceTree = "<group>";
		};
		5366989D2965ADB90080542A /* spdlog */ = {
			isa = PBXGroup;
			children = (
				5366989E2965ADB90080542A /* bench */,
				536698A52965ADB90080542A /* INSTALL */,
				536698A62965ADB90080542A /* CMakeLists.txt */,
				536698A72965ADB90080542A /* LICENSE */,
				536698A82965ADB90080542A /* cmake */,
				536698B02965ADB90080542A /* example */,
				536698B32965ADB90080542A /* include */,
				536699202965ADB90080542A /* .clang-tidy */,
				536699212965ADB90080542A /* tests */,
				5366993E2965ADB90080542A /* logos */,
				536699402965ADB90080542A /* README.md */,
				536699412965ADB90080542A /* appveyor.yml */,
				536699422965ADB90080542A /* .gitignore */,
				536699432965ADB90080542A /* scripts */,
				536699472965ADB90080542A /* .clang-format */,
				536699482965ADB90080542A /* .github */,
				5366994B2965ADB90080542A /* .gitattributes */,
				5366994C2965ADB90080542A /* src */,
			);
			path = spdlog;
			sourceTree = "<group>";
		};
		5366989E2965ADB90080542A /* bench */ = {
			isa = PBXGroup;
			children = (
				5366989F2965ADB90080542A /* utils.h */,
				536698A02965ADB90080542A /* async_bench.cpp */,
				536698A12965ADB90080542A /* CMakeLists.txt */,
				536698A22965ADB90080542A /* formatter-bench.cpp */,
				536698A32965ADB90080542A /* bench.cpp */,
				536698A42965ADB90080542A /* latency.cpp */,
			);
			path = bench;
			sourceTree = "<group>";
		};
		536698A82965ADB90080542A /* cmake */ = {
			isa = PBXGroup;
			children = (
				536698A92965ADB90080542A /* pch.h.in */,
				536698AA2965ADB90080542A /* spdlog.pc.in */,
				536698AB2965ADB90080542A /* spdlogCPack.cmake */,
				536698AC2965ADB90080542A /* utils.cmake */,
				536698AD2965ADB90080542A /* version.rc.in */,
				536698AE2965ADB90080542A /* spdlogConfig.cmake.in */,
				536698AF2965ADB90080542A /* ide.cmake */,
			);
			path = cmake;
			sourceTree = "<group>";
		};
		536698B02965ADB90080542A /* example */ = {
			isa = PBXGroup;
			children = (
				536698B12965ADB90080542A /* example.cpp */,
				536698B22965ADB90080542A /* CMakeLists.txt */,
			);
			path = example;
			sourceTree = "<group>";
		};
		536698B32965ADB90080542A /* include */ = {
			isa = PBXGroup;
			children = (
				536698B42965ADB90080542A /* spdlog */,
			);
			path = include;
			sourceTree = "<group>";
		};
		536698B42965ADB90080542A /* spdlog */ = {
			isa = PBXGroup;
			children = (
				536698B52965ADB90080542A /* pattern_formatter-inl.h */,
				536698B62965ADB90080542A /* fwd.h */,
				536698B72965ADB90080542A /* version.h */,
				536698B82965ADB90080542A /* spdlog.h */,
				536698B92965ADB90080542A /* fmt */,
				536698D22965ADB90080542A /* logger-inl.h */,
				536698D32965ADB90080542A /* sinks */,
				536698F42965ADB90080542A /* formatter.h */,
				536698F52965ADB90080542A /* common-inl.h */,
				536698F62965ADB90080542A /* details */,
				536699122965ADB90080542A /* async_logger.h */,
				536699132965ADB90080542A /* cfg */,
				536699182965ADB90080542A /* tweakme.h */,
				536699192965ADB90080542A /* async.h */,
				5366991A2965ADB90080542A /* common.h */,
				5366991B2965ADB90080542A /* async_logger-inl.h */,
				5366991C2965ADB90080542A /* stopwatch.h */,
				5366991D2965ADB90080542A /* pattern_formatter.h */,
				5366991E2965ADB90080542A /* logger.h */,
				5366991F2965ADB90080542A /* spdlog-inl.h */,
			);
			path = spdlog;
			sourceTree = "<group>";
		};
		536698B92965ADB90080542A /* fmt */ = {
			isa = PBXGroup;
			children = (
				536698BA2965ADB90080542A /* ranges.h */,
				536698BB2965ADB90080542A /* xchar.h */,
				536698BC2965ADB90080542A /* chrono.h */,
				536698BD2965ADB90080542A /* bin_to_hex.h */,
				536698BE2965ADB90080542A /* bundled */,
				536698CE2965ADB90080542A /* fmt.h */,
				536698CF2965ADB90080542A /* compile.h */,
				536698D02965ADB90080542A /* ostr.h */,
				536698D12965ADB90080542A /* std.h */,
			);
			path = fmt;
			sourceTree = "<group>";
		};
		536698BE2965ADB90080542A /* bundled */ = {
			isa = PBXGroup;
			children = (
				536698BF2965ADB90080542A /* ostream.h */,
				536698C02965ADB90080542A /* format-inl.h */,
				536698C12965ADB90080542A /* ranges.h */,
				536698C22965ADB90080542A /* xchar.h */,
				536698C32965ADB90080542A /* core.h */,
				536698C42965ADB90080542A /* locale.h */,
				536698C52965ADB90080542A /* chrono.h */,
				536698C62965ADB90080542A /* os.h */,
				536698C72965ADB90080542A /* fmt.license.rst */,
				536698C82965ADB90080542A /* color.h */,
				536698C92965ADB90080542A /* args.h */,
				536698CA2965ADB90080542A /* printf.h */,
				536698CB2965ADB90080542A /* compile.h */,
				536698CC2965ADB90080542A /* format.h */,
				536698CD2965ADB90080542A /* std.h */,
			);
			path = bundled;
			sourceTree = "<group>";
		};
		536698D32965ADB90080542A /* sinks */ = {
			isa = PBXGroup;
			children = (
				536698D42965ADB90080542A /* qt_sinks.h */,
				536698D52965ADB90080542A /* ansicolor_sink-inl.h */,
				536698D62965ADB90080542A /* hourly_file_sink.h */,
				536698D72965ADB90080542A /* stdout_sinks.h */,
				536698D82965ADB90080542A /* basic_file_sink.h */,
				536698D92965ADB90080542A /* rotating_file_sink.h */,
				536698DA2965ADB90080542A /* daily_file_sink.h */,
				536698DB2965ADB90080542A /* ringbuffer_sink.h */,
				536698DC2965ADB90080542A /* ansicolor_sink.h */,
				536698DD2965ADB90080542A /* systemd_sink.h */,
				536698DE2965ADB90080542A /* base_sink.h */,
				536698DF2965ADB90080542A /* stdout_color_sinks.h */,
				536698E02965ADB90080542A /* dist_sink.h */,
				536698E12965ADB90080542A /* msvc_sink.h */,
				536698E22965ADB90080542A /* tcp_sink.h */,
				536698E32965ADB90080542A /* mongo_sink.h */,
				536698E42965ADB90080542A /* sink-inl.h */,
				536698E52965ADB90080542A /* wincolor_sink-inl.h */,
				536698E62965ADB90080542A /* android_sink.h */,
				536698E72965ADB90080542A /* stdout_sinks-inl.h */,
				536698E82965ADB90080542A /* sink.h */,
				536698E92965ADB90080542A /* syslog_sink.h */,
				536698EA2965ADB90080542A /* dup_filter_sink.h */,
				536698EB2965ADB90080542A /* win_eventlog_sink.h */,
				536698EC2965ADB90080542A /* stdout_color_sinks-inl.h */,
				536698ED2965ADB90080542A /* ostream_sink.h */,
				536698EE2965ADB90080542A /* udp_sink.h */,
				536698EF2965ADB90080542A /* rotating_file_sink-inl.h */,
				536698F02965ADB90080542A /* basic_file_sink-inl.h */,
				536698F12965ADB90080542A /* null_sink.h */,
				536698F22965ADB90080542A /* base_sink-inl.h */,
				536698F32965ADB90080542A /* wincolor_sink.h */,
			);
			path = sinks;
			sourceTree = "<group>";
		};
		536698F62965ADB90080542A /* details */ = {
			isa = PBXGroup;
			children = (
				536698F72965ADB90080542A /* log_msg_buffer-inl.h */,
				536698F82965ADB90080542A /* log_msg-inl.h */,
				536698F92965ADB90080542A /* udp_client.h */,
				536698FA2965ADB90080542A /* file_helper.h */,
				536698FB2965ADB90080542A /* periodic_worker-inl.h */,
				536698FC2965ADB90080542A /* udp_client-windows.h */,
				536698FD2965ADB90080542A /* periodic_worker.h */,
				536698FE2965ADB90080542A /* mpmc_blocking_q.h */,
				536698FF2965ADB90080542A /* os.h */,
				536699002965ADB90080542A /* thread_pool-inl.h */,
				536699012965ADB90080542A /* fmt_helper.h */,
				536699022965ADB90080542A /* null_mutex.h */,
				536699032965ADB90080542A /* registry.h */,
				536699042965ADB90080542A /* backtracer.h */,
				536699052965ADB90080542A /* registry-inl.h */,
				536699062965ADB90080542A /* thread_pool.h */,
				536699072965ADB90080542A /* circular_q.h */,
				536699082965ADB90080542A /* synchronous_factory.h */,
				536699092965ADB90080542A /* os-inl.h */,
				5366990A2965ADB90080542A /* log_msg.h */,
				5366990B2965ADB90080542A /* backtracer-inl.h */,
				5366990C2965ADB90080542A /* file_helper-inl.h */,
				5366990D2965ADB90080542A /* log_msg_buffer.h */,
				5366990E2965ADB90080542A /* tcp_client.h */,
				5366990F2965ADB90080542A /* console_globals.h */,
				536699102965ADB90080542A /* windows_include.h */,
				536699112965ADB90080542A /* tcp_client-windows.h */,
			);
			path = details;
			sourceTree = "<group>";
		};
		536699132965ADB90080542A /* cfg */ = {
			isa = PBXGroup;
			children = (
				536699142965ADB90080542A /* env.h */,
				536699152965ADB90080542A /* argv.h */,
				536699162965ADB90080542A /* helpers-inl.h */,
				536699172965ADB90080542A /* helpers.h */,
			);
			path = cfg;
			sourceTree = "<group>";
		};
		536699212965ADB90080542A /* tests */ = {
			isa = PBXGroup;
			children = (
				536699222965ADB90080542A /* test_fmt_helper.cpp */,
				536699232965ADB90080542A /* test_async.cpp */,
				536699242965ADB90080542A /* utils.h */,
				536699252965ADB90080542A /* utils.cpp */,
				536699262965ADB90080542A /* CMakeLists.txt */,
				536699272965ADB90080542A /* test_cfg.cpp */,
				536699282965ADB90080542A /* test_stopwatch.cpp */,
				536699292965ADB90080542A /* catch.hpp */,
				5366992A2965ADB90080542A /* test_backtrace.cpp */,
				5366992B2965ADB90080542A /* test_stdout_api.cpp */,
				5366992C2965ADB90080542A /* test_registry.cpp */,
				5366992D2965ADB90080542A /* test_eventlog.cpp */,
				5366992E2965ADB90080542A /* test_systemd.cpp */,
				5366992F2965ADB90080542A /* test_daily_logger.cpp */,
				536699302965ADB90080542A /* test_dup_filter.cpp */,
				536699312965ADB90080542A /* test_macros.cpp */,
				536699322965ADB90080542A /* test_misc.cpp */,
				536699332965ADB90080542A /* test_file_helper.cpp */,
				536699342965ADB90080542A /* test_file_logging.cpp */,
				536699352965ADB90080542A /* test_create_dir.cpp */,
				536699362965ADB90080542A /* test_pattern_formatter.cpp */,
				536699372965ADB90080542A /* catch.license */,
				536699382965ADB90080542A /* test_sink.h */,
				536699392965ADB90080542A /* test_mpmc_q.cpp */,
				5366993A2965ADB90080542A /* test_time_point.cpp */,
				5366993B2965ADB90080542A /* main.cpp */,
				5366993C2965ADB90080542A /* test_errors.cpp */,
				5366993D2965ADB90080542A /* includes.h */,
			);
			path = tests;
			sourceTree = "<group>";
		};
		5366993E2965ADB90080542A /* logos */ = {
			isa = PBXGroup;
			children = (
				5366993F2965ADB90080542A /* jetbrains-variant-4.svg */,
			);
			path = logos;
			sourceTree = "<group>";
		};
		536699432965ADB90080542A /* scripts */ = {
			isa = PBXGroup;
			children = (
				536699442965ADB90080542A /* ci_setup_clang.sh */,
				536699452965ADB90080542A /* extract_version.py */,
				536699462965ADB90080542A /* format.sh */,
			);
			path = scripts;
			sourceTree = "<group>";
		};
		536699482965ADB90080542A /* .github */ = {
			isa = PBXGroup;
			children = (
				536699492965ADB90080542A /* workflows */,
			);
			path = .github;
			sourceTree = "<group>";
		};
		536699492965ADB90080542A /* workflows */ = {
			isa = PBXGroup;
			children = (
				5366994A2965ADB90080542A /* ci.yml */,
			);
			path = workflows;
			sourceTree = "<group>";
		};
		5366994C2965ADB90080542A /* src */ = {
			isa = PBXGroup;
			children = (
				5366994D2965ADB90080542A /* cfg.cpp */,
				5366994E2965ADB90080542A /* stdout_sinks.cpp */,
				5366994F2965ADB90080542A /* bundled_fmtlib_format.cpp */,
				536699502965ADB90080542A /* async.cpp */,
				536699512965ADB90080542A /* file_sinks.cpp */,
				536699522965ADB90080542A /* color_sinks.cpp */,
				536699532965ADB90080542A /* spdlog.cpp */,
			);
			path = src;
			sourceTree = "<group>";
		};
		536699562965B04C0080542A /* src */ = {
			isa = PBXGroup;
			children = (
				536699572965B04C0080542A /* glad.c */,
			);
			path = src;
			sourceTree = "<group>";
		};
		5366995E2965B0710080542A /* BarrelSandbox */ = {
			isa = PBXGroup;
			children = (
				536699692965B6780080542A /* App */,
			);
			path = BarrelSandbox;
			sourceTree = "<group>";
		};
		536699692965B6780080542A /* App */ = {
			isa = PBXGroup;
			children = (
				5366996A2965B6860080542A /* src */,
			);
			path = App;
			sourceTree = "<group>";
		};
		5366996A2965B6860080542A /* src */ = {
			isa = PBXGroup;
			children = (
				536699642965B0950080542A /* SandboxApp.cpp */,
			);
			path = src;
			sourceTree = "<group>";
		};
		538B10162965D59B000C591F /* imgui */ = {
			isa = PBXGroup;
			children = (
				538B10172965D59B000C591F /* misc */,
				538B10302965D59B000C591F /* imgui.h */,
				538B10312965D59B000C591F /* imstb_textedit.h */,
				538B10322965D59B000C591F /* imconfig.h */,
				538B10342965D59B000C591F /* imstb_truetype.h */,
				538B11012965D59B000C591F /* imgui_internal.h */,
				538B110B2965D59B000C591F /* imstb_rectpack.h */,
				538B10332965D59B000C591F /* imgui_widgets.cpp */,
				538B10352965D59B000C591F /* backends */,
				538B105D2965D59B000C591F /* docs */,
				538B10662965D59B000C591F /* .editorconfig */,
				538B10672965D59B000C591F /* .gitignore */,
				538B10682965D59B000C591F /* imgui.cpp */,
				538B11022965D59B000C591F /* .github */,
				538B110A2965D59B000C591F /* .gitattributes */,
				538B110C2965D59B000C591F /* LICENSE.txt */,
				538B110D2965D59B000C591F /* imgui_tables.cpp */,
				538B110E2965D59B000C591F /* imgui_demo.cpp */,
				538B110F2965D59B000C591F /* imgui_draw.cpp */,
			);
			path = imgui;
			sourceTree = "<group>";
		};
		538B10172965D59B000C591F /* misc */ = {
			isa = PBXGroup;
			children = (
				538B10182965D59B000C591F /* single_file */,
				538B101A2965D59B000C591F /* freetype */,
				538B101E2965D59B000C591F /* debuggers */,
				538B10232965D59B000C591F /* cpp */,
				538B10272965D59B000C591F /* README.txt */,
				538B10282965D59B000C591F /* fonts */,
			);
			path = misc;
			sourceTree = "<group>";
		};
		538B10182965D59B000C591F /* single_file */ = {
			isa = PBXGroup;
			children = (
				538B10192965D59B000C591F /* imgui_single_file.h */,
			);
			path = single_file;
			sourceTree = "<group>";
		};
		538B101A2965D59B000C591F /* freetype */ = {
			isa = PBXGroup;
			children = (
				538B101B2965D59B000C591F /* imgui_freetype.h */,
				538B101C2965D59B000C591F /* imgui_freetype.cpp */,
				538B101D2965D59B000C591F /* README.md */,
			);
			path = freetype;
			sourceTree = "<group>";
		};
		538B101E2965D59B000C591F /* debuggers */ = {
			isa = PBXGroup;
			children = (
				538B101F2965D59B000C591F /* imgui.gdb */,
				538B10202965D59B000C591F /* imgui.natstepfilter */,
				538B10212965D59B000C591F /* README.txt */,
				538B10222965D59B000C591F /* imgui.natvis */,
			);
			path = debuggers;
			sourceTree = "<group>";
		};
		538B10232965D59B000C591F /* cpp */ = {
			isa = PBXGroup;
			children = (
				538B10242965D59B000C591F /* imgui_stdlib.h */,
				538B10252965D59B000C591F /* README.txt */,
				538B10262965D59B000C591F /* imgui_stdlib.cpp */,
			);
			path = cpp;
			sourceTree = "<group>";
		};
		538B10282965D59B000C591F /* fonts */ = {
			isa = PBXGroup;
			children = (
				538B10292965D59B000C591F /* Roboto-Medium.ttf */,
				538B102A2965D59B000C591F /* DroidSans.ttf */,
				538B102B2965D59B000C591F /* ProggyTiny.ttf */,
				538B102C2965D59B000C591F /* ProggyClean.ttf */,
				538B102D2965D59B000C591F /* Cousine-Regular.ttf */,
				538B102E2965D59B000C591F /* Karla-Regular.ttf */,
				538B102F2965D59B000C591F /* binary_to_compressed_c.cpp */,
			);
			path = fonts;
			sourceTree = "<group>";
		};
		538B10352965D59B000C591F /* backends */ = {
			isa = PBXGroup;
			children = (
				538B10362965D59B000C591F /* imgui_impl_allegro5.h */,
				538B10372965D59B000C591F /* imgui_impl_win32.h */,
				538B10382965D59B000C591F /* imgui_impl_dx12.h */,
				538B10392965D59B000C591F /* imgui_impl_wgpu.h */,
				538B103A2965D59B000C591F /* imgui_impl_sdl.h */,
				538B103B2965D59B000C591F /* imgui_impl_osx.h */,
				538B103C2965D59B000C591F /* imgui_impl_sdlrenderer.h */,
				538B103D2965D59B000C591F /* imgui_impl_opengl3.h */,
				538B103E2965D59B000C591F /* imgui_impl_sdlrenderer.cpp */,
				538B103F2965D59B000C591F /* imgui_impl_dx11.h */,
				538B10402965D59B000C591F /* imgui_impl_android.cpp */,
				538B10412965D59B000C591F /* imgui_impl_win32.cpp */,
				538B10422965D59B000C591F /* imgui_impl_glut.h */,
				538B10432965D59B000C591F /* imgui_impl_opengl2.h */,
				538B10442965D59B000C591F /* imgui_impl_opengl3_loader.h */,
				538B10452965D59B000C591F /* imgui_impl_metal.mm */,
				538B10462965D59B000C591F /* imgui_impl_dx10.h */,
				538B10472965D59B000C591F /* imgui_impl_glut.cpp */,
				538B10482965D59B000C591F /* imgui_impl_allegro5.cpp */,
				538B10492965D59B000C591F /* imgui_impl_dx9.cpp */,
				538B104A2965D59B000C591F /* vulkan */,
				538B104E2965D59B000C591F /* imgui_impl_opengl2.cpp */,
				538B104F2965D59B000C591F /* imgui_impl_glfw.h */,
				538B10502965D59B000C591F /* imgui_impl_metal.h */,
				538B10512965D59B000C591F /* imgui_impl_opengl3.cpp */,
				538B10522965D59B000C591F /* imgui_impl_dx10.cpp */,
				538B10532965D59B000C591F /* imgui_impl_vulkan.cpp */,
				538B10542965D59B000C591F /* imgui_impl_osx.mm */,
				538B10552965D59B000C591F /* imgui_impl_dx11.cpp */,
				538B10562965D59B000C591F /* imgui_impl_dx9.h */,
				538B10572965D59B000C591F /* imgui_impl_dx12.cpp */,
				538B10582965D59B000C591F /* imgui_impl_wgpu.cpp */,
				538B10592965D59B000C591F /* imgui_impl_android.h */,
				538B105A2965D59B000C591F /* imgui_impl_vulkan.h */,
				538B105B2965D59B000C591F /* imgui_impl_glfw.cpp */,
				538B105C2965D59B000C591F /* imgui_impl_sdl.cpp */,
			);
			path = backends;
			sourceTree = "<group>";
		};
		538B104A2965D59B000C591F /* vulkan */ = {
			isa = PBXGroup;
			children = (
				538B104B2965D59B000C591F /* glsl_shader.vert */,
				538B104C2965D59B000C591F /* generate_spv.sh */,
				538B104D2965D59B000C591F /* glsl_shader.frag */,
			);
			path = vulkan;
			sourceTree = "<group>";
		};
		538B105D2965D59B000C591F /* docs */ = {
			isa = PBXGroup;
			children = (
				538B105E2965D59B000C591F /* EXAMPLES.md */,
				538B105F2965D59B000C591F /* BACKENDS.md */,
				538B10602965D59B000C591F /* TODO.txt */,
				538B10612965D59B000C591F /* FAQ.md */,
				538B10622965D59B000C591F /* FONTS.md */,
				538B10632965D59B000C591F /* README.md */,
				538B10642965D59B000C591F /* CONTRIBUTING.md */,
				538B10652965D59B000C591F /* CHANGELOG.txt */,
			);
			path = docs;
			sourceTree = "<group>";
		};
		538B11022965D59B000C591F /* .github */ = {
			isa = PBXGroup;
			children = (
				538B11032965D59B000C591F /* FUNDING.yml */,
				538B11042965D59B000C591F /* workflows */,
				538B11082965D59B000C591F /* pull_request_template.md */,
				538B11092965D59B000C591F /* issue_template.md */,
			);
			path = .github;
			sourceTree = "<group>";
		};
		538B11042965D59B000C591F /* workflows */ = {
			isa = PBXGroup;
			children = (
				538B11052965D59B000C591F /* static-analysis.yml */,
				538B11062965D59B000C591F /* scheduled.yml */,
				538B11072965D59B000C591F /* build.yml */,
			);
			path = workflows;
			sourceTree = "<group>";
		};
		53ED8B612966DB8B000C567C /* imgui */ = {
			isa = PBXGroup;
			children = (
				53ED8B662966DBD4000C567C /* imGuiLayer.cpp */,
				53ED8B652966DBD3000C567C /* ImGuiLayer.hpp */,
			);
			path = imgui;
			sourceTree = "<group>";
		};
/* End PBXGroup section */

/* Begin PBXHeadersBuildPhase section */
		536698452965A1B80080542A /* Headers */ = {
			isa = PBXHeadersBuildPhase;
			buildActionMask = 2147483647;
			files = (
				536698672965A3D40080542A /* ApplicationEvent.hpp in Headers */,
				5366986C2965A3E70080542A /* Event.hpp in Headers */,
				5366987F2965A40D0080542A /* Log.hpp in Headers */,
				536698722965A3F60080542A /* Layer.hpp in Headers */,
				536698942965A7290080542A /* pchBarrel.hpp in Headers */,
				5366989A2965A8C00080542A /* Barrel.hpp in Headers */,
				5366986D2965A3E70080542A /* KeyEvent.hpp in Headers */,
				536698812965A43C0080542A /* EntryPoint.hpp in Headers */,
				5366987A2965A4020080542A /* MacOsWindow.hpp in Headers */,
				5366987B2965A4020080542A /* Window.hpp in Headers */,
				53ED8B672966DBD4000C567C /* ImGuiLayer.hpp in Headers */,
				5366985D2965A33A0080542A /* Application.hpp in Headers */,
				5366986B2965A3E70080542A /* MouseEvent.hpp in Headers */,
				536698732965A3F60080542A /* LayerStack.hpp in Headers */,
			);
			runOnlyForDeploymentPostprocessing = 0;
		};
		53669C7B2965BA270080542A /* Headers */ = {
			isa = PBXHeadersBuildPhase;
			buildActionMask = 2147483647;
			files = (
			);
			runOnlyForDeploymentPostprocessing = 0;
		};
		53ED8B722966E2FD000C567C /* Headers */ = {
			isa = PBXHeadersBuildPhase;
			buildActionMask = 2147483647;
			files = (
				53ED8B7A2966E30E000C567C /* khrplatform.h in Headers */,
				53ED8B7B2966E314000C567C /* glad.h in Headers */,
			);
			runOnlyForDeploymentPostprocessing = 0;
		};
		53ED8B7E2966E3C2000C567C /* Headers */ = {
			isa = PBXHeadersBuildPhase;
			buildActionMask = 2147483647;
			files = (
				53ED8B862966E412000C567C /* imgui.h in Headers */,
				53ED8B872966E412000C567C /* imstb_textedit.h in Headers */,
				53ED8B882966E412000C567C /* imconfig.h in Headers */,
				53ED8B892966E412000C567C /* imstb_truetype.h in Headers */,
				53ED8B8A2966E412000C567C /* imgui_internal.h in Headers */,
				53ED8B8B2966E412000C567C /* imstb_rectpack.h in Headers */,
				53ED8B912966E439000C567C /* imgui_impl_opengl3.h in Headers */,
				53ED8B922966E439000C567C /* imgui_impl_opengl3_loader.h in Headers */,
				53ED8B932966E439000C567C /* imgui_impl_glfw.h in Headers */,
			);
			runOnlyForDeploymentPostprocessing = 0;
		};
/* End PBXHeadersBuildPhase section */

/* Begin PBXNativeTarget section */
		536698482965A1B80080542A /* Barrel */ = {
			isa = PBXNativeTarget;
			buildConfigurationList = 5366984D2965A1B80080542A /* Build configuration list for PBXNativeTarget "Barrel" */;
			buildPhases = (
				536698452965A1B80080542A /* Headers */,
				536698462965A1B80080542A /* Sources */,
				536698472965A1B80080542A /* Frameworks */,
			);
			buildRules = (
			);
			dependencies = (
			);
			name = Barrel;
			productName = Barrel;
			productReference = 536698492965A1B80080542A /* libBarrel.dylib */;
			productType = "com.apple.product-type.library.dynamic";
		};
		5366995C2965B0710080542A /* BarrelSandbox */ = {
			isa = PBXNativeTarget;
			buildConfigurationList = 536699612965B0710080542A /* Build configuration list for PBXNativeTarget "BarrelSandbox" */;
			buildPhases = (
				5366995A2965B0710080542A /* Frameworks */,
				5366995B2965B0710080542A /* CopyFiles */,
				53669C7B2965BA270080542A /* Headers */,
				53669C7C2965BA2A0080542A /* Sources */,
			);
			buildRules = (
			);
			dependencies = (
			);
			name = BarrelSandbox;
			productName = BarrelSandbox;
			productReference = 5366995D2965B0710080542A /* BarrelSandbox */;
			productType = "com.apple.product-type.tool";
		};
		53ED8B752966E2FD000C567C /* glad */ = {
			isa = PBXNativeTarget;
			buildConfigurationList = 53ED8B772966E2FD000C567C /* Build configuration list for PBXNativeTarget "glad" */;
			buildPhases = (
				53ED8B722966E2FD000C567C /* Headers */,
				53ED8B732966E2FD000C567C /* Sources */,
				53ED8B742966E2FD000C567C /* Frameworks */,
			);
			buildRules = (
			);
			dependencies = (
			);
			name = glad;
			productName = glad;
			productReference = 53ED8B762966E2FD000C567C /* libglad.a */;
			productType = "com.apple.product-type.library.static";
		};
		53ED8B812966E3C2000C567C /* imgui */ = {
			isa = PBXNativeTarget;
			buildConfigurationList = 53ED8B832966E3C2000C567C /* Build configuration list for PBXNativeTarget "imgui" */;
			buildPhases = (
				53ED8B7E2966E3C2000C567C /* Headers */,
				53ED8B7F2966E3C2000C567C /* Sources */,
				53ED8B802966E3C2000C567C /* Frameworks */,
			);
			buildRules = (
			);
			dependencies = (
			);
			name = imgui;
			productName = imgui;
			productReference = 53ED8B822966E3C2000C567C /* libimgui.a */;
			productType = "com.apple.product-type.library.static";
		};
/* End PBXNativeTarget section */

/* Begin PBXProject section */
		536698412965A1B80080542A /* Project object */ = {
			isa = PBXProject;
			attributes = {
				BuildIndependentTargetsInParallel = 1;
				LastUpgradeCheck = 1420;
				TargetAttributes = {
					536698482965A1B80080542A = {
						CreatedOnToolsVersion = 14.2;
					};
					5366995C2965B0710080542A = {
						CreatedOnToolsVersion = 14.2;
					};
					53ED8B752966E2FD000C567C = {
						CreatedOnToolsVersion = 14.2;
					};
					53ED8B812966E3C2000C567C = {
						CreatedOnToolsVersion = 14.2;
					};
				};
			};
			buildConfigurationList = 536698442965A1B80080542A /* Build configuration list for PBXProject "Barrel" */;
			compatibilityVersion = "Xcode 14.0";
			developmentRegion = en;
			hasScannedForEncodings = 0;
			knownRegions = (
				en,
				Base,
			);
			mainGroup = 536698402965A1B80080542A;
			productRefGroup = 5366984A2965A1B80080542A /* Products */;
			projectDirPath = "";
			projectRoot = "";
			targets = (
				536698482965A1B80080542A /* Barrel */,
				5366995C2965B0710080542A /* BarrelSandbox */,
				53ED8B752966E2FD000C567C /* glad */,
				53ED8B812966E3C2000C567C /* imgui */,
			);
		};
/* End PBXProject section */

/* Begin PBXSourcesBuildPhase section */
		536698462965A1B80080542A /* Sources */ = {
			isa = PBXSourcesBuildPhase;
			buildActionMask = 2147483647;
			files = (
				53ED8B682966DBD4000C567C /* imGuiLayer.cpp in Sources */,
				536698712965A3F60080542A /* LayerStack.cpp in Sources */,
				5366987E2965A40D0080542A /* Log.cpp in Sources */,
				536698782965A4020080542A /* Window.cpp in Sources */,
				5366985C2965A33A0080542A /* Application.cpp in Sources */,
				536698792965A4020080542A /* MacOsWindow.cpp in Sources */,
			);
			runOnlyForDeploymentPostprocessing = 0;
		};
		53669C7C2965BA2A0080542A /* Sources */ = {
			isa = PBXSourcesBuildPhase;
			buildActionMask = 2147483647;
			files = (
				53669C7D2965BA2C0080542A /* SandboxApp.cpp in Sources */,
			);
			runOnlyForDeploymentPostprocessing = 0;
		};
		53ED8B732966E2FD000C567C /* Sources */ = {
			isa = PBXSourcesBuildPhase;
			buildActionMask = 2147483647;
			files = (
				53ED8B7C2966E329000C567C /* glad.c in Sources */,
			);
			runOnlyForDeploymentPostprocessing = 0;
		};
		53ED8B7F2966E3C2000C567C /* Sources */ = {
			isa = PBXSourcesBuildPhase;
			buildActionMask = 2147483647;
			files = (
				53ED8B942966E447000C567C /* imgui_impl_opengl3.cpp in Sources */,
				53ED8B952966E447000C567C /* imgui_impl_glfw.cpp in Sources */,
				53ED8B8C2966E420000C567C /* imgui_widgets.cpp in Sources */,
				53ED8B8D2966E420000C567C /* imgui.cpp in Sources */,
				53ED8B8E2966E420000C567C /* imgui_tables.cpp in Sources */,
				53ED8B8F2966E420000C567C /* imgui_demo.cpp in Sources */,
				53ED8B902966E420000C567C /* imgui_draw.cpp in Sources */,
			);
			runOnlyForDeploymentPostprocessing = 0;
		};
/* End PBXSourcesBuildPhase section */

/* Begin XCBuildConfiguration section */
		5366984B2965A1B80080542A /* Debug */ = {
			isa = XCBuildConfiguration;
			buildSettings = {
				ALWAYS_SEARCH_USER_PATHS = NO;
				CLANG_ANALYZER_NONNULL = YES;
				CLANG_ANALYZER_NUMBER_OBJECT_CONVERSION = YES_AGGRESSIVE;
				CLANG_CXX_LANGUAGE_STANDARD = "gnu++20";
				CLANG_ENABLE_MODULES = YES;
				CLANG_ENABLE_OBJC_ARC = YES;
				CLANG_ENABLE_OBJC_WEAK = YES;
				CLANG_WARN_BLOCK_CAPTURE_AUTORELEASING = YES;
				CLANG_WARN_BOOL_CONVERSION = YES;
				CLANG_WARN_COMMA = YES;
				CLANG_WARN_CONSTANT_CONVERSION = YES;
				CLANG_WARN_DEPRECATED_OBJC_IMPLEMENTATIONS = YES;
				CLANG_WARN_DIRECT_OBJC_ISA_USAGE = YES_ERROR;
				CLANG_WARN_DOCUMENTATION_COMMENTS = YES;
				CLANG_WARN_EMPTY_BODY = YES;
				CLANG_WARN_ENUM_CONVERSION = YES;
				CLANG_WARN_INFINITE_RECURSION = YES;
				CLANG_WARN_INT_CONVERSION = YES;
				CLANG_WARN_NON_LITERAL_NULL_CONVERSION = YES;
				CLANG_WARN_OBJC_IMPLICIT_RETAIN_SELF = YES;
				CLANG_WARN_OBJC_LITERAL_CONVERSION = YES;
				CLANG_WARN_OBJC_ROOT_CLASS = YES_ERROR;
				CLANG_WARN_QUOTED_INCLUDE_IN_FRAMEWORK_HEADER = YES;
				CLANG_WARN_RANGE_LOOP_ANALYSIS = YES;
				CLANG_WARN_STRICT_PROTOTYPES = YES;
				CLANG_WARN_SUSPICIOUS_MOVE = YES;
				CLANG_WARN_UNGUARDED_AVAILABILITY = YES_AGGRESSIVE;
				CLANG_WARN_UNREACHABLE_CODE = YES;
				CLANG_WARN__DUPLICATE_METHOD_MATCH = YES;
				COPY_PHASE_STRIP = NO;
				DEBUG_INFORMATION_FORMAT = dwarf;
				ENABLE_STRICT_OBJC_MSGSEND = YES;
				ENABLE_TESTABILITY = YES;
				GCC_C_LANGUAGE_STANDARD = gnu11;
				GCC_DYNAMIC_NO_PIC = NO;
				GCC_NO_COMMON_BLOCKS = YES;
				GCC_OPTIMIZATION_LEVEL = 0;
				GCC_PREPROCESSOR_DEFINITIONS = (
					"DEBUG=1",
					"$(inherited)",
				);
				GCC_WARN_64_TO_32_BIT_CONVERSION = YES;
				GCC_WARN_ABOUT_RETURN_TYPE = YES_ERROR;
				GCC_WARN_UNDECLARED_SELECTOR = YES;
				GCC_WARN_UNINITIALIZED_AUTOS = YES_AGGRESSIVE;
				GCC_WARN_UNUSED_FUNCTION = YES;
				GCC_WARN_UNUSED_VARIABLE = YES;
				MACOSX_DEPLOYMENT_TARGET = 13.1;
				MTL_ENABLE_DEBUG_INFO = INCLUDE_SOURCE;
				MTL_FAST_MATH = YES;
				ONLY_ACTIVE_ARCH = YES;
				SDKROOT = macosx;
			};
			name = Debug;
		};
		5366984C2965A1B80080542A /* Release */ = {
			isa = XCBuildConfiguration;
			buildSettings = {
				ALWAYS_SEARCH_USER_PATHS = NO;
				CLANG_ANALYZER_NONNULL = YES;
				CLANG_ANALYZER_NUMBER_OBJECT_CONVERSION = YES_AGGRESSIVE;
				CLANG_CXX_LANGUAGE_STANDARD = "gnu++20";
				CLANG_ENABLE_MODULES = YES;
				CLANG_ENABLE_OBJC_ARC = YES;
				CLANG_ENABLE_OBJC_WEAK = YES;
				CLANG_WARN_BLOCK_CAPTURE_AUTORELEASING = YES;
				CLANG_WARN_BOOL_CONVERSION = YES;
				CLANG_WARN_COMMA = YES;
				CLANG_WARN_CONSTANT_CONVERSION = YES;
				CLANG_WARN_DEPRECATED_OBJC_IMPLEMENTATIONS = YES;
				CLANG_WARN_DIRECT_OBJC_ISA_USAGE = YES_ERROR;
				CLANG_WARN_DOCUMENTATION_COMMENTS = YES;
				CLANG_WARN_EMPTY_BODY = YES;
				CLANG_WARN_ENUM_CONVERSION = YES;
				CLANG_WARN_INFINITE_RECURSION = YES;
				CLANG_WARN_INT_CONVERSION = YES;
				CLANG_WARN_NON_LITERAL_NULL_CONVERSION = YES;
				CLANG_WARN_OBJC_IMPLICIT_RETAIN_SELF = YES;
				CLANG_WARN_OBJC_LITERAL_CONVERSION = YES;
				CLANG_WARN_OBJC_ROOT_CLASS = YES_ERROR;
				CLANG_WARN_QUOTED_INCLUDE_IN_FRAMEWORK_HEADER = YES;
				CLANG_WARN_RANGE_LOOP_ANALYSIS = YES;
				CLANG_WARN_STRICT_PROTOTYPES = YES;
				CLANG_WARN_SUSPICIOUS_MOVE = YES;
				CLANG_WARN_UNGUARDED_AVAILABILITY = YES_AGGRESSIVE;
				CLANG_WARN_UNREACHABLE_CODE = YES;
				CLANG_WARN__DUPLICATE_METHOD_MATCH = YES;
				COPY_PHASE_STRIP = NO;
				DEBUG_INFORMATION_FORMAT = "dwarf-with-dsym";
				ENABLE_NS_ASSERTIONS = NO;
				ENABLE_STRICT_OBJC_MSGSEND = YES;
				GCC_C_LANGUAGE_STANDARD = gnu11;
				GCC_NO_COMMON_BLOCKS = YES;
				GCC_WARN_64_TO_32_BIT_CONVERSION = YES;
				GCC_WARN_ABOUT_RETURN_TYPE = YES_ERROR;
				GCC_WARN_UNDECLARED_SELECTOR = YES;
				GCC_WARN_UNINITIALIZED_AUTOS = YES_AGGRESSIVE;
				GCC_WARN_UNUSED_FUNCTION = YES;
				GCC_WARN_UNUSED_VARIABLE = YES;
				MACOSX_DEPLOYMENT_TARGET = 13.1;
				MTL_ENABLE_DEBUG_INFO = NO;
				MTL_FAST_MATH = YES;
				SDKROOT = macosx;
			};
			name = Release;
		};
		5366984E2965A1B80080542A /* Debug */ = {
			isa = XCBuildConfiguration;
			buildSettings = {
				CODE_SIGN_STYLE = Automatic;
				DYLIB_COMPATIBILITY_VERSION = 1;
				DYLIB_CURRENT_VERSION = 1;
				EXECUTABLE_PREFIX = lib;
				HEADER_SEARCH_PATHS = (
					/opt/homebrew/Cellar/glfw/3.3.8/include/,
					/Users/jakubnowak/Documents/c/metalRepo/Barrel/vendor/spdlog/include,
					/Users/jakubnowak/Documents/c/metalRepo/Barrel/vendor/glad/include,
					/Users/jakubnowak/Documents/c/metalRepo/Barrel/vendor/imgui/backends,
					/Users/jakubnowak/Documents/c/metalRepo/Barrel/vendor/imgui,
				);
				LIBRARY_SEARCH_PATHS = (
					/opt/homebrew/Cellar/glfw/3.3.8/lib,
					/Users/jakubnowak/Documents/c/metalRepo/Barrel/vendor/spdlog/build,
					"$(PROJECT_DIR)/vendor/spdlog/build",
				);
				PRODUCT_NAME = "$(TARGET_NAME)";
				SKIP_INSTALL = YES;
			};
			name = Debug;
		};
		5366984F2965A1B80080542A /* Release */ = {
			isa = XCBuildConfiguration;
			buildSettings = {
				CODE_SIGN_STYLE = Automatic;
				DYLIB_COMPATIBILITY_VERSION = 1;
				DYLIB_CURRENT_VERSION = 1;
				EXECUTABLE_PREFIX = lib;
				HEADER_SEARCH_PATHS = (
					/opt/homebrew/Cellar/glfw/3.3.8/include/,
					/Users/jakubnowak/Documents/c/metalRepo/Barrel/vendor/spdlog/include,
					/Users/jakubnowak/Documents/c/metalRepo/Barrel/vendor/glad/include,
					/Users/jakubnowak/Documents/c/metalRepo/Barrel/vendor/imgui/backends,
					/Users/jakubnowak/Documents/c/metalRepo/Barrel/vendor/imgui,
				);
				LIBRARY_SEARCH_PATHS = (
					/opt/homebrew/Cellar/glfw/3.3.8/lib,
					/Users/jakubnowak/Documents/c/metalRepo/Barrel/vendor/spdlog/build,
					"$(PROJECT_DIR)/vendor/spdlog/build",
				);
				PRODUCT_NAME = "$(TARGET_NAME)";
				SKIP_INSTALL = YES;
			};
			name = Release;
		};
		536699622965B0710080542A /* Debug */ = {
			isa = XCBuildConfiguration;
			buildSettings = {
				CODE_SIGN_STYLE = Automatic;
				HEADER_SEARCH_PATHS = (
					/opt/homebrew/Cellar/glfw/3.3.8/include,
					/Users/jakubnowak/Documents/c/metalRepo/Barrel/vendor/glad/include,
					/Users/jakubnowak/Documents/c/metalRepo/Barrel/vendor/spdlog/include,
				);
				LIBRARY_SEARCH_PATHS = (
					"$(inherited)",
					"$(PROJECT_DIR)/vendor/spdlog/build",
					/opt/homebrew/Cellar/glfw/3.3.8/lib,
				);
				PRODUCT_NAME = "$(TARGET_NAME)";
			};
			name = Debug;
		};
		536699632965B0710080542A /* Release */ = {
			isa = XCBuildConfiguration;
			buildSettings = {
				CODE_SIGN_STYLE = Automatic;
				HEADER_SEARCH_PATHS = (
					/opt/homebrew/Cellar/glfw/3.3.8/include,
					/Users/jakubnowak/Documents/c/metalRepo/Barrel/vendor/glad/include,
					/Users/jakubnowak/Documents/c/metalRepo/Barrel/vendor/spdlog/include,
				);
				LIBRARY_SEARCH_PATHS = (
					"$(inherited)",
					"$(PROJECT_DIR)/vendor/spdlog/build",
					/opt/homebrew/Cellar/glfw/3.3.8/lib,
				);
				PRODUCT_NAME = "$(TARGET_NAME)";
			};
			name = Release;
		};
		53ED8B782966E2FD000C567C /* Debug */ = {
			isa = XCBuildConfiguration;
			buildSettings = {
				CODE_SIGN_STYLE = Automatic;
				EXECUTABLE_PREFIX = lib;
				PRODUCT_NAME = "$(TARGET_NAME)";
				SKIP_INSTALL = YES;
			};
			name = Debug;
		};
		53ED8B792966E2FD000C567C /* Release */ = {
			isa = XCBuildConfiguration;
			buildSettings = {
				CODE_SIGN_STYLE = Automatic;
				EXECUTABLE_PREFIX = lib;
				PRODUCT_NAME = "$(TARGET_NAME)";
				SKIP_INSTALL = YES;
			};
			name = Release;
		};
		53ED8B842966E3C2000C567C /* Debug */ = {
			isa = XCBuildConfiguration;
			buildSettings = {
				CODE_SIGN_STYLE = Automatic;
				EXECUTABLE_PREFIX = lib;
				HEADER_SEARCH_PATHS = /opt/homebrew/Cellar/glfw/3.3.8/include;
				LIBRARY_SEARCH_PATHS = (
					"$(inherited)",
					/opt/homebrew/Cellar/glfw/3.3.8/lib,
				);
				PRODUCT_NAME = "$(TARGET_NAME)";
				SKIP_INSTALL = YES;
			};
			name = Debug;
		};
		53ED8B852966E3C2000C567C /* Release */ = {
			isa = XCBuildConfiguration;
			buildSettings = {
				CODE_SIGN_STYLE = Automatic;
				EXECUTABLE_PREFIX = lib;
				HEADER_SEARCH_PATHS = /opt/homebrew/Cellar/glfw/3.3.8/include;
				LIBRARY_SEARCH_PATHS = (
					"$(inherited)",
					/opt/homebrew/Cellar/glfw/3.3.8/lib,
				);
				PRODUCT_NAME = "$(TARGET_NAME)";
				SKIP_INSTALL = YES;
			};
			name = Release;
		};
/* End XCBuildConfiguration section */

/* Begin XCConfigurationList section */
		536698442965A1B80080542A /* Build configuration list for PBXProject "Barrel" */ = {
			isa = XCConfigurationList;
			buildConfigurations = (
				5366984B2965A1B80080542A /* Debug */,
				5366984C2965A1B80080542A /* Release */,
			);
			defaultConfigurationIsVisible = 0;
			defaultConfigurationName = Release;
		};
		5366984D2965A1B80080542A /* Build configuration list for PBXNativeTarget "Barrel" */ = {
			isa = XCConfigurationList;
			buildConfigurations = (
				5366984E2965A1B80080542A /* Debug */,
				5366984F2965A1B80080542A /* Release */,
			);
			defaultConfigurationIsVisible = 0;
			defaultConfigurationName = Release;
		};
		536699612965B0710080542A /* Build configuration list for PBXNativeTarget "BarrelSandbox" */ = {
			isa = XCConfigurationList;
			buildConfigurations = (
				536699622965B0710080542A /* Debug */,
				536699632965B0710080542A /* Release */,
			);
			defaultConfigurationIsVisible = 0;
			defaultConfigurationName = Release;
		};
		53ED8B772966E2FD000C567C /* Build configuration list for PBXNativeTarget "glad" */ = {
			isa = XCConfigurationList;
			buildConfigurations = (
				53ED8B782966E2FD000C567C /* Debug */,
				53ED8B792966E2FD000C567C /* Release */,
			);
			defaultConfigurationIsVisible = 0;
			defaultConfigurationName = Release;
		};
		53ED8B832966E3C2000C567C /* Build configuration list for PBXNativeTarget "imgui" */ = {
			isa = XCConfigurationList;
			buildConfigurations = (
				53ED8B842966E3C2000C567C /* Debug */,
				53ED8B852966E3C2000C567C /* Release */,
			);
			defaultConfigurationIsVisible = 0;
			defaultConfigurationName = Release;
		};
/* End XCConfigurationList section */
	};
	rootObject = 536698412965A1B80080542A /* Project object */;
}
